// !$*UTF8*$!
{
	archiveVersion = 1;
	classes = {
	};
	objectVersion = 51;
	objects = {

/* Begin PBXBuildFile section */
		113E01595C413ACF3067056F /* Pods_Tangem_IdTests.framework in Frameworks */ = {isa = PBXBuildFile; fileRef = 8B71B2D8FC0E5FAB4AFD80AA /* Pods_Tangem_IdTests.framework */; };
		B007E1A22525F9F600B16E93 /* Command.swift in Sources */ = {isa = PBXBuildFile; fileRef = B007E1A12525F9F600B16E93 /* Command.swift */; };
		B00A67A9253D7122002D7D53 /* AlertBinder.swift in Sources */ = {isa = PBXBuildFile; fileRef = B00A67A8253D7122002D7D53 /* AlertBinder.swift */; };
		B00A67BA253DD6EE002D7D53 /* UIApplication+.swift in Sources */ = {isa = PBXBuildFile; fileRef = B00A67B9253DD6EE002D7D53 /* UIApplication+.swift */; };
		B00A67BF253DDE96002D7D53 /* RootPresentationModeKey.swift in Sources */ = {isa = PBXBuildFile; fileRef = B00A67BE253DDE95002D7D53 /* RootPresentationModeKey.swift */; };
		B00D7A902546B41E00D0B460 /* TangemIdUtils.swift in Sources */ = {isa = PBXBuildFile; fileRef = B00D7A8F2546B41E00D0B460 /* TangemIdUtils.swift */; };
		B00F0086253EFC6200D16E66 /* WriteIssuerFilesTask.swift in Sources */ = {isa = PBXBuildFile; fileRef = B00F0085253EFC6200D16E66 /* WriteIssuerFilesTask.swift */; };
		B00F00AA253F0AA100D16E66 /* String+CBOR.swift in Sources */ = {isa = PBXBuildFile; fileRef = B00F00A9253F0AA100D16E66 /* String+CBOR.swift */; };
		B00F00AF253F0ABC00D16E66 /* Array+CBOR.swift in Sources */ = {isa = PBXBuildFile; fileRef = B00F00AE253F0ABC00D16E66 /* Array+CBOR.swift */; };
		B00F00B4253F0AD300D16E66 /* Dict+CBOR.swift in Sources */ = {isa = PBXBuildFile; fileRef = B00F00B3253F0AD300D16E66 /* Dict+CBOR.swift */; };
		B00F00B9253F221300D16E66 /* JsonViewer.swift in Sources */ = {isa = PBXBuildFile; fileRef = B00F00B8253F221300D16E66 /* JsonViewer.swift */; };
		B00F00BE253F241500D16E66 /* ShareView.swift in Sources */ = {isa = PBXBuildFile; fileRef = B00F00BD253F241500D16E66 /* ShareView.swift */; };
		B0298AB625230B7D004A2985 /* Gender.swift in Sources */ = {isa = PBXBuildFile; fileRef = B0298AB525230B7D004A2985 /* Gender.swift */; };
		B0298AFB25232638004A2985 /* MaskedTextField.swift in Sources */ = {isa = PBXBuildFile; fileRef = B0298AFA25232638004A2985 /* MaskedTextField.swift */; };
		B0298B0025232F5E004A2985 /* NavigationBar.swift in Sources */ = {isa = PBXBuildFile; fileRef = B0298AFF25232F5E004A2985 /* NavigationBar.swift */; };
		B0298B052523426A004A2985 /* ClickableRowWithCheckbox.swift in Sources */ = {isa = PBXBuildFile; fileRef = B0298B042523426A004A2985 /* ClickableRowWithCheckbox.swift */; };
		B03295AA2540030800FACC8B /* CredentialJsonPrinter.swift in Sources */ = {isa = PBXBuildFile; fileRef = B03295A92540030800FACC8B /* CredentialJsonPrinter.swift */; };
		B03A3BEE252200F800937676 /* ButtonWithImage.swift in Sources */ = {isa = PBXBuildFile; fileRef = B03A3BED252200F800937676 /* ButtonWithImage.swift */; };
		B03A3C1125220C0300937676 /* Checkbox.swift in Sources */ = {isa = PBXBuildFile; fileRef = B03A3C1025220C0300937676 /* Checkbox.swift */; };
		B03B52072540738F00424CFE /* CredentialValidityFooter.swift in Sources */ = {isa = PBXBuildFile; fileRef = B03B52062540738F00424CFE /* CredentialValidityFooter.swift */; };
		B03B520C2540744F00424CFE /* VerificationStatus.swift in Sources */ = {isa = PBXBuildFile; fileRef = B03B520B2540744F00424CFE /* VerificationStatus.swift */; };
		B03B52112540787200424CFE /* IssuerVerification.swift in Sources */ = {isa = PBXBuildFile; fileRef = B03B52102540787200424CFE /* IssuerVerification.swift */; };
		B0413BC52522EBF600140A70 /* TextFieldWithClearButton.swift in Sources */ = {isa = PBXBuildFile; fileRef = B0413BC42522EBF600140A70 /* TextFieldWithClearButton.swift */; };
		B0413BCA2522ED8900140A70 /* RadioSegmentSelector.swift in Sources */ = {isa = PBXBuildFile; fileRef = B0413BC92522ED8900140A70 /* RadioSegmentSelector.swift */; };
		B0413BD32522EEB500140A70 /* RadioButton.swift in Sources */ = {isa = PBXBuildFile; fileRef = B0413BD22522EEB500140A70 /* RadioButton.swift */; };
		B044F9C3254593D1003BF413 /* ChangeFilesTask.swift in Sources */ = {isa = PBXBuildFile; fileRef = B044F9C2254593D1003BF413 /* ChangeFilesTask.swift */; };
		B044F9C825459E70003BF413 /* HolderCredentialLine.swift in Sources */ = {isa = PBXBuildFile; fileRef = B044F9C725459E70003BF413 /* HolderCredentialLine.swift */; };
		B044F9D42545D13A003BF413 /* CodeScanner.swift in Sources */ = {isa = PBXBuildFile; fileRef = B044F9D32545D13A003BF413 /* CodeScanner.swift */; };
		B04962732541A99C004FBEDE /* HolderAssembly.swift in Sources */ = {isa = PBXBuildFile; fileRef = B04962722541A99C004FBEDE /* HolderAssembly.swift */; };
		B04E79B02520C479007FAB1E /* RoleSelectorViewModel.swift in Sources */ = {isa = PBXBuildFile; fileRef = B04E79AF2520C479007FAB1E /* RoleSelectorViewModel.swift */; };
		B05CCAEA2520F59F0033093C /* ApplicationAssembly.swift in Sources */ = {isa = PBXBuildFile; fileRef = B05CCAE92520F59F0033093C /* ApplicationAssembly.swift */; };
		B05CCAEF2520F6340033093C /* RoleSelectorAssembly.swift in Sources */ = {isa = PBXBuildFile; fileRef = B05CCAEE2520F6340033093C /* RoleSelectorAssembly.swift */; };
		B05FE386251E0D080002D338 /* AppDelegate.swift in Sources */ = {isa = PBXBuildFile; fileRef = B05FE385251E0D080002D338 /* AppDelegate.swift */; };
		B05FE388251E0D080002D338 /* SceneDelegate.swift in Sources */ = {isa = PBXBuildFile; fileRef = B05FE387251E0D080002D338 /* SceneDelegate.swift */; };
		B05FE38A251E0D080002D338 /* RoleSelectorView.swift in Sources */ = {isa = PBXBuildFile; fileRef = B05FE389251E0D080002D338 /* RoleSelectorView.swift */; };
		B05FE38C251E0D090002D338 /* Assets.xcassets in Resources */ = {isa = PBXBuildFile; fileRef = B05FE38B251E0D090002D338 /* Assets.xcassets */; };
		B05FE38F251E0D090002D338 /* Preview Assets.xcassets in Resources */ = {isa = PBXBuildFile; fileRef = B05FE38E251E0D090002D338 /* Preview Assets.xcassets */; };
		B05FE392251E0D090002D338 /* LaunchScreen.storyboard in Resources */ = {isa = PBXBuildFile; fileRef = B05FE390251E0D090002D338 /* LaunchScreen.storyboard */; };
		B05FE39D251E0D090002D338 /* Tangem_IdTests.swift in Sources */ = {isa = PBXBuildFile; fileRef = B05FE39C251E0D090002D338 /* Tangem_IdTests.swift */; };
		B05FE3A8251E0D090002D338 /* Tangem_IdUITests.swift in Sources */ = {isa = PBXBuildFile; fileRef = B05FE3A7251E0D090002D338 /* Tangem_IdUITests.swift */; };
		B068AB0325246351006559F9 /* HiddenSystemNavigation.swift in Sources */ = {isa = PBXBuildFile; fileRef = B068AB0225246351006559F9 /* HiddenSystemNavigation.swift */; };
		B068AB052524678F006559F9 /* ImagePicker.swift in Sources */ = {isa = PBXBuildFile; fileRef = B068AB042524678F006559F9 /* ImagePicker.swift */; };
		B07524222529A2C200DFE1B0 /* SnackMessageDisplayable.swift in Sources */ = {isa = PBXBuildFile; fileRef = B07524212529A2C200DFE1B0 /* SnackMessageDisplayable.swift */; };
		B075242B2529A59600DFE1B0 /* CredentialInput.swift in Sources */ = {isa = PBXBuildFile; fileRef = B075242A2529A59600DFE1B0 /* CredentialInput.swift */; };
		B07524382529C37100DFE1B0 /* Secp256k1Proof.swift in Sources */ = {isa = PBXBuildFile; fileRef = B07524372529C37100DFE1B0 /* Secp256k1Proof.swift */; };
		B07DE5ED2528BD9C003F8D9D /* Snackbar.swift in Sources */ = {isa = PBXBuildFile; fileRef = B07DE5EC2528BD9C003F8D9D /* Snackbar.swift */; };
		B07DE5F52528EBB2003F8D9D /* UIImage+ScaleCrop.swift in Sources */ = {isa = PBXBuildFile; fileRef = B07DE5F42528EBB2003F8D9D /* UIImage+ScaleCrop.swift */; };
		B07DE5FD2528EC1B003F8D9D /* ByteCountFormatter+.swift in Sources */ = {isa = PBXBuildFile; fileRef = B07DE5FC2528EC1B003F8D9D /* ByteCountFormatter+.swift */; };
		B0800F5B252C339B007E04EE /* IdConstants.swift in Sources */ = {isa = PBXBuildFile; fileRef = B0800F5A252C339B007E04EE /* IdConstants.swift */; };
		B08B37D82542B44D00FC5D59 /* HolderCredentialViewer.swift in Sources */ = {isa = PBXBuildFile; fileRef = B08B37D72542B44D00FC5D59 /* HolderCredentialViewer.swift */; };
		B08B37DD2542D40500FC5D59 /* DemoCredentialFactory.swift in Sources */ = {isa = PBXBuildFile; fileRef = B08B37DC2542D40500FC5D59 /* DemoCredentialFactory.swift */; };
		B08B37E32542FC5800FC5D59 /* ReadHolderCardTask.swift in Sources */ = {isa = PBXBuildFile; fileRef = B08B37E22542FC5800FC5D59 /* ReadHolderCardTask.swift */; };
		B08C33ED2527743200194BF1 /* TangemIdFactory.swift in Sources */ = {isa = PBXBuildFile; fileRef = B08C33EC2527743200194BF1 /* TangemIdFactory.swift */; };
		B08C33F225278BB900194BF1 /* TangemIdVerifier.swift in Sources */ = {isa = PBXBuildFile; fileRef = B08C33F125278BB900194BF1 /* TangemIdVerifier.swift */; };
		B08D4793252AE33700E10DAB /* CredentialsController.swift in Sources */ = {isa = PBXBuildFile; fileRef = B08D4792252AE33700E10DAB /* CredentialsController.swift */; };
		B08D47A4252B10DE00E10DAB /* ImageHasher.swift in Sources */ = {isa = PBXBuildFile; fileRef = B08D47A3252B10DE00E10DAB /* ImageHasher.swift */; };
		B08D47A9252B2A4300E10DAB /* Date+String+ISO8601.swift in Sources */ = {isa = PBXBuildFile; fileRef = B08D47A8252B2A4300E10DAB /* Date+String+ISO8601.swift */; };
		B08D47AF252B560800E10DAB /* Secp256k1ProofSettings.swift in Sources */ = {isa = PBXBuildFile; fileRef = B08D47AE252B560800E10DAB /* Secp256k1ProofSettings.swift */; };
		B08D47B7252B562E00E10DAB /* Secp256k1ProofCreator.swift in Sources */ = {isa = PBXBuildFile; fileRef = B08D47B6252B562E00E10DAB /* Secp256k1ProofCreator.swift */; };
		B08F0843251F965A00AEA1C1 /* ScreenPaddingButtonStyle.swift in Sources */ = {isa = PBXBuildFile; fileRef = B08F0842251F965A00AEA1C1 /* ScreenPaddingButtonStyle.swift */; };
		B08F084D251F968B00AEA1C1 /* Color+.swift in Sources */ = {isa = PBXBuildFile; fileRef = B08F084C251F968B00AEA1C1 /* Color+.swift */; };
		B08F0855251F969D00AEA1C1 /* Colors.xcassets in Resources */ = {isa = PBXBuildFile; fileRef = B08F0854251F969D00AEA1C1 /* Colors.xcassets */; };
		B08F0866251F974A00AEA1C1 /* IssuerView.swift in Sources */ = {isa = PBXBuildFile; fileRef = B08F0865251F974A00AEA1C1 /* IssuerView.swift */; };
		B08F086C251F97AB00AEA1C1 /* UIScreen+.swift in Sources */ = {isa = PBXBuildFile; fileRef = B08F086B251F97AB00AEA1C1 /* UIScreen+.swift */; };
		B08F0875251F981E00AEA1C1 /* PreviewDevice+.swift in Sources */ = {isa = PBXBuildFile; fileRef = B08F0874251F981E00AEA1C1 /* PreviewDevice+.swift */; };
		B08F0885251F9C2B00AEA1C1 /* UIImage+Color.swift in Sources */ = {isa = PBXBuildFile; fileRef = B08F0884251F9C2B00AEA1C1 /* UIImage+Color.swift */; };
		B08F0891251FA36300AEA1C1 /* NavigationController.swift in Sources */ = {isa = PBXBuildFile; fileRef = B08F0890251FA36300AEA1C1 /* NavigationController.swift */; };
		B08F0899251FB21700AEA1C1 /* View+PreviewGroup.swift in Sources */ = {isa = PBXBuildFile; fileRef = B08F0898251FB21700AEA1C1 /* View+PreviewGroup.swift */; };
		B0993F252521AF72003BEB85 /* Module.swift in Sources */ = {isa = PBXBuildFile; fileRef = B0993F242521AF72003BEB85 /* Module.swift */; };
		B0993F2D2521AF89003BEB85 /* ModuleAssembly.swift in Sources */ = {isa = PBXBuildFile; fileRef = B0993F2C2521AF89003BEB85 /* ModuleAssembly.swift */; };
		B0993F322521B1C2003BEB85 /* ModuleAssemblyError.swift in Sources */ = {isa = PBXBuildFile; fileRef = B0993F312521B1C2003BEB85 /* ModuleAssemblyError.swift */; };
		B0993F432521B362003BEB85 /* Assembly+Module.swift in Sources */ = {isa = PBXBuildFile; fileRef = B0993F422521B362003BEB85 /* Assembly+Module.swift */; };
		B0993F4D2521B3B3003BEB85 /* ServiceAssembly.swift in Sources */ = {isa = PBXBuildFile; fileRef = B0993F4C2521B3B3003BEB85 /* ServiceAssembly.swift */; };
		B0993F522521B66A003BEB85 /* IssuerAssembly.swift in Sources */ = {isa = PBXBuildFile; fileRef = B0993F512521B66A003BEB85 /* IssuerAssembly.swift */; };
		B0993F572521BF45003BEB85 /* Constants.swift in Sources */ = {isa = PBXBuildFile; fileRef = B0993F562521BF45003BEB85 /* Constants.swift */; };
		B0993F5D2521C5E1003BEB85 /* IssuerCreateCredentialsView.swift in Sources */ = {isa = PBXBuildFile; fileRef = B0993F5C2521C5E1003BEB85 /* IssuerCreateCredentialsView.swift */; };
		B0993F652521C5F4003BEB85 /* IssuerCreateCredentialsViewModel.swift in Sources */ = {isa = PBXBuildFile; fileRef = B0993F642521C5F4003BEB85 /* IssuerCreateCredentialsViewModel.swift */; };
		B0993F6A2521C74D003BEB85 /* IssuerViewModel.swift in Sources */ = {isa = PBXBuildFile; fileRef = B0993F692521C74D003BEB85 /* IssuerViewModel.swift */; };
		B0993F722521F0F4003BEB85 /* UIFont+.swift in Sources */ = {isa = PBXBuildFile; fileRef = B0993F712521F0F4003BEB85 /* UIFont+.swift */; };
		B0993F772521F355003BEB85 /* CredentialCard.swift in Sources */ = {isa = PBXBuildFile; fileRef = B0993F762521F355003BEB85 /* CredentialCard.swift */; };
		B0993F7D2521F5FB003BEB85 /* CredentialPhotoContent.swift in Sources */ = {isa = PBXBuildFile; fileRef = B0993F7C2521F5FB003BEB85 /* CredentialPhotoContent.swift */; };
		B0A99DDE2526EF7A006F4A5D /* Role.swift in Sources */ = {isa = PBXBuildFile; fileRef = B0A99DDD2526EF7A006F4A5D /* Role.swift */; };
		B0B82C2125270A34002D71FF /* RoleInfo.swift in Sources */ = {isa = PBXBuildFile; fileRef = B0B82C2025270A34002D71FF /* RoleInfo.swift */; };
		B0B82C2D252752D7002D71FF /* VerifiableCredential.swift in Sources */ = {isa = PBXBuildFile; fileRef = B0B82C2C252752D7002D71FF /* VerifiableCredential.swift */; };
		B0B82C332527532E002D71FF /* JsonLdConvertor.swift in Sources */ = {isa = PBXBuildFile; fileRef = B0B82C322527532E002D71FF /* JsonLdConvertor.swift */; };
		B0B82C3E25275BA1002D71FF /* CredentialCreator.swift in Sources */ = {isa = PBXBuildFile; fileRef = B0B82C3D25275BA1002D71FF /* CredentialCreator.swift */; };
		B0C529592524AF1100BBCD27 /* KeyboardFollower.swift in Sources */ = {isa = PBXBuildFile; fileRef = B0C529582524AF1100BBCD27 /* KeyboardFollower.swift */; };
		B0C5295B2524B0CE00BBCD27 /* DateTextField.swift in Sources */ = {isa = PBXBuildFile; fileRef = B0C5295A2524B0CE00BBCD27 /* DateTextField.swift */; };
		B0C5295F2524B17100BBCD27 /* DateFormatter+.swift in Sources */ = {isa = PBXBuildFile; fileRef = B0C5295E2524B17100BBCD27 /* DateFormatter+.swift */; };
		B0C529622524B42900BBCD27 /* DateField.swift in Sources */ = {isa = PBXBuildFile; fileRef = B0C529612524B42900BBCD27 /* DateField.swift */; };
		B0C529642524B49F00BBCD27 /* UITextField+Done.swift in Sources */ = {isa = PBXBuildFile; fileRef = B0C529632524B49F00BBCD27 /* UITextField+Done.swift */; };
		B0C529662524B54400BBCD27 /* DatePicker.swift in Sources */ = {isa = PBXBuildFile; fileRef = B0C529652524B54400BBCD27 /* DatePicker.swift */; };
		B0C529692524D03900BBCD27 /* Localizable.strings in Resources */ = {isa = PBXBuildFile; fileRef = B0C529682524D03900BBCD27 /* Localizable.strings */; };
		B0C5296B2524D31F00BBCD27 /* LocalizationKeys.swift in Sources */ = {isa = PBXBuildFile; fileRef = B0C5296A2524D31F00BBCD27 /* LocalizationKeys.swift */; };
		B0C529702524EFE400BBCD27 /* TangemIdSdk.swift in Sources */ = {isa = PBXBuildFile; fileRef = B0C5296F2524EFE400BBCD27 /* TangemIdSdk.swift */; };
		B0C529722524EFF300BBCD27 /* TangemIdIssuer.swift in Sources */ = {isa = PBXBuildFile; fileRef = B0C529712524EFF300BBCD27 /* TangemIdIssuer.swift */; };
		B0C529752525B16F00BBCD27 /* Assembly+TangemId.swift in Sources */ = {isa = PBXBuildFile; fileRef = B0C529742525B16F00BBCD27 /* Assembly+TangemId.swift */; };
		B0C529772525B26600BBCD27 /* IssuerInfo.swift in Sources */ = {isa = PBXBuildFile; fileRef = B0C529762525B26600BBCD27 /* IssuerInfo.swift */; };
		B0C5297A2525B3A700BBCD27 /* IdLocalization.swift in Sources */ = {isa = PBXBuildFile; fileRef = B0C529792525B3A700BBCD27 /* IdLocalization.swift */; };
		B0C5297C2525B9E600BBCD27 /* TangemIdError.swift in Sources */ = {isa = PBXBuildFile; fileRef = B0C5297B2525B9E600BBCD27 /* TangemIdError.swift */; };
		B0C5297E2525C2DF00BBCD27 /* TangemIdAppError.swift in Sources */ = {isa = PBXBuildFile; fileRef = B0C5297D2525C2DF00BBCD27 /* TangemIdAppError.swift */; };
		B0D4AC692526F59F006F3FA4 /* RoleAction.swift in Sources */ = {isa = PBXBuildFile; fileRef = B0D4AC682526F59F006F3FA4 /* RoleAction.swift */; };
		B0DF08FD2520D9940077479E /* NavigationButton.swift in Sources */ = {isa = PBXBuildFile; fileRef = B0DF08FC2520D9940077479E /* NavigationButton.swift */; };
		B0DF09052520DAC10077479E /* ModalLink.swift in Sources */ = {isa = PBXBuildFile; fileRef = B0DF09042520DAC10077479E /* ModalLink.swift */; };
		B0E6A28C2540471B0023681A /* DemoCredentials.swift in Sources */ = {isa = PBXBuildFile; fileRef = B0E6A28B2540471B0023681A /* DemoCredentials.swift */; };
		B0E6A292254048BF0023681A /* VerifierView.swift in Sources */ = {isa = PBXBuildFile; fileRef = B0E6A291254048BF0023681A /* VerifierView.swift */; };
		B0E6A29A254048C90023681A /* VerifierViewModel.swift in Sources */ = {isa = PBXBuildFile; fileRef = B0E6A299254048C90023681A /* VerifierViewModel.swift */; };
		B0E6A29F254048D40023681A /* VerifierAssembly.swift in Sources */ = {isa = PBXBuildFile; fileRef = B0E6A29E254048D40023681A /* VerifierAssembly.swift */; };
		B0FD187D2541676500C4FDB5 /* HolderView.swift in Sources */ = {isa = PBXBuildFile; fileRef = B0FD187C2541676500C4FDB5 /* HolderView.swift */; };
		B0FD18852541676F00C4FDB5 /* HolderViewModel.swift in Sources */ = {isa = PBXBuildFile; fileRef = B0FD18842541676F00C4FDB5 /* HolderViewModel.swift */; };
		B0FD188A2541683A00C4FDB5 /* TangemIdHolder.swift in Sources */ = {isa = PBXBuildFile; fileRef = B0FD18892541683A00C4FDB5 /* TangemIdHolder.swift */; };
		B0FD189225416EA600C4FDB5 /* VerifierViewCredentials.swift in Sources */ = {isa = PBXBuildFile; fileRef = B0FD189125416EA600C4FDB5 /* VerifierViewCredentials.swift */; };
		B0FFE3972541A79B00DE1C7E /* HolderViewCredentials.swift in Sources */ = {isa = PBXBuildFile; fileRef = B0FFE3962541A79B00DE1C7E /* HolderViewCredentials.swift */; };
		D739EAD27536E56B2A5880F2 /* Pods_Tangem_Id.framework in Frameworks */ = {isa = PBXBuildFile; fileRef = E12E3A31B51D1C48EC335D73 /* Pods_Tangem_Id.framework */; };
/* End PBXBuildFile section */

/* Begin PBXContainerItemProxy section */
		B05FE399251E0D090002D338 /* PBXContainerItemProxy */ = {
			isa = PBXContainerItemProxy;
			containerPortal = B05FE37A251E0D080002D338 /* Project object */;
			proxyType = 1;
			remoteGlobalIDString = B05FE381251E0D080002D338;
			remoteInfo = "Tangem Id";
		};
		B05FE3A4251E0D090002D338 /* PBXContainerItemProxy */ = {
			isa = PBXContainerItemProxy;
			containerPortal = B05FE37A251E0D080002D338 /* Project object */;
			proxyType = 1;
			remoteGlobalIDString = B05FE381251E0D080002D338;
			remoteInfo = "Tangem Id";
		};
/* End PBXContainerItemProxy section */

/* Begin PBXFileReference section */
		312D85F254D0BBFF26747555 /* Pods-Tangem Id.debug.xcconfig */ = {isa = PBXFileReference; includeInIndex = 1; lastKnownFileType = text.xcconfig; name = "Pods-Tangem Id.debug.xcconfig"; path = "Target Support Files/Pods-Tangem Id/Pods-Tangem Id.debug.xcconfig"; sourceTree = "<group>"; };
		528375D1826D7575429E5B5C /* Pods-Tangem IdTests.release.xcconfig */ = {isa = PBXFileReference; includeInIndex = 1; lastKnownFileType = text.xcconfig; name = "Pods-Tangem IdTests.release.xcconfig"; path = "Target Support Files/Pods-Tangem IdTests/Pods-Tangem IdTests.release.xcconfig"; sourceTree = "<group>"; };
		5FDE8B3725CF46D1E1FB58F7 /* Pods-Tangem IdTests.debug.xcconfig */ = {isa = PBXFileReference; includeInIndex = 1; lastKnownFileType = text.xcconfig; name = "Pods-Tangem IdTests.debug.xcconfig"; path = "Target Support Files/Pods-Tangem IdTests/Pods-Tangem IdTests.debug.xcconfig"; sourceTree = "<group>"; };
		8B71B2D8FC0E5FAB4AFD80AA /* Pods_Tangem_IdTests.framework */ = {isa = PBXFileReference; explicitFileType = wrapper.framework; includeInIndex = 0; path = Pods_Tangem_IdTests.framework; sourceTree = BUILT_PRODUCTS_DIR; };
		B007E1A12525F9F600B16E93 /* Command.swift */ = {isa = PBXFileReference; lastKnownFileType = sourcecode.swift; path = Command.swift; sourceTree = "<group>"; };
		B00A67A8253D7122002D7D53 /* AlertBinder.swift */ = {isa = PBXFileReference; lastKnownFileType = sourcecode.swift; path = AlertBinder.swift; sourceTree = "<group>"; };
		B00A67B9253DD6EE002D7D53 /* UIApplication+.swift */ = {isa = PBXFileReference; lastKnownFileType = sourcecode.swift; path = "UIApplication+.swift"; sourceTree = "<group>"; };
		B00A67BE253DDE95002D7D53 /* RootPresentationModeKey.swift */ = {isa = PBXFileReference; lastKnownFileType = sourcecode.swift; path = RootPresentationModeKey.swift; sourceTree = "<group>"; };
		B00D7A8F2546B41E00D0B460 /* TangemIdUtils.swift */ = {isa = PBXFileReference; lastKnownFileType = sourcecode.swift; path = TangemIdUtils.swift; sourceTree = "<group>"; };
		B00F0085253EFC6200D16E66 /* WriteIssuerFilesTask.swift */ = {isa = PBXFileReference; lastKnownFileType = sourcecode.swift; path = WriteIssuerFilesTask.swift; sourceTree = "<group>"; };
		B00F00A9253F0AA100D16E66 /* String+CBOR.swift */ = {isa = PBXFileReference; lastKnownFileType = sourcecode.swift; path = "String+CBOR.swift"; sourceTree = "<group>"; };
		B00F00AE253F0ABC00D16E66 /* Array+CBOR.swift */ = {isa = PBXFileReference; lastKnownFileType = sourcecode.swift; path = "Array+CBOR.swift"; sourceTree = "<group>"; };
		B00F00B3253F0AD300D16E66 /* Dict+CBOR.swift */ = {isa = PBXFileReference; lastKnownFileType = sourcecode.swift; path = "Dict+CBOR.swift"; sourceTree = "<group>"; };
		B00F00B8253F221300D16E66 /* JsonViewer.swift */ = {isa = PBXFileReference; lastKnownFileType = sourcecode.swift; path = JsonViewer.swift; sourceTree = "<group>"; };
		B00F00BD253F241500D16E66 /* ShareView.swift */ = {isa = PBXFileReference; lastKnownFileType = sourcecode.swift; path = ShareView.swift; sourceTree = "<group>"; };
		B01A675B251E19C100D08C8D /* Tangem Id.entitlements */ = {isa = PBXFileReference; lastKnownFileType = text.plist.entitlements; path = "Tangem Id.entitlements"; sourceTree = "<group>"; };
		B0298AB525230B7D004A2985 /* Gender.swift */ = {isa = PBXFileReference; lastKnownFileType = sourcecode.swift; path = Gender.swift; sourceTree = "<group>"; };
		B0298AFA25232638004A2985 /* MaskedTextField.swift */ = {isa = PBXFileReference; lastKnownFileType = sourcecode.swift; path = MaskedTextField.swift; sourceTree = "<group>"; };
		B0298AFF25232F5E004A2985 /* NavigationBar.swift */ = {isa = PBXFileReference; lastKnownFileType = sourcecode.swift; path = NavigationBar.swift; sourceTree = "<group>"; };
		B0298B042523426A004A2985 /* ClickableRowWithCheckbox.swift */ = {isa = PBXFileReference; lastKnownFileType = sourcecode.swift; path = ClickableRowWithCheckbox.swift; sourceTree = "<group>"; };
		B03295A92540030800FACC8B /* CredentialJsonPrinter.swift */ = {isa = PBXFileReference; lastKnownFileType = sourcecode.swift; path = CredentialJsonPrinter.swift; sourceTree = "<group>"; };
		B03A3BED252200F800937676 /* ButtonWithImage.swift */ = {isa = PBXFileReference; lastKnownFileType = sourcecode.swift; path = ButtonWithImage.swift; sourceTree = "<group>"; };
		B03A3C1025220C0300937676 /* Checkbox.swift */ = {isa = PBXFileReference; lastKnownFileType = sourcecode.swift; path = Checkbox.swift; sourceTree = "<group>"; };
		B03B52062540738F00424CFE /* CredentialValidityFooter.swift */ = {isa = PBXFileReference; lastKnownFileType = sourcecode.swift; path = CredentialValidityFooter.swift; sourceTree = "<group>"; };
		B03B520B2540744F00424CFE /* VerificationStatus.swift */ = {isa = PBXFileReference; lastKnownFileType = sourcecode.swift; path = VerificationStatus.swift; sourceTree = "<group>"; };
		B03B52102540787200424CFE /* IssuerVerification.swift */ = {isa = PBXFileReference; lastKnownFileType = sourcecode.swift; path = IssuerVerification.swift; sourceTree = "<group>"; };
		B0413BC42522EBF600140A70 /* TextFieldWithClearButton.swift */ = {isa = PBXFileReference; lastKnownFileType = sourcecode.swift; path = TextFieldWithClearButton.swift; sourceTree = "<group>"; };
		B0413BC92522ED8900140A70 /* RadioSegmentSelector.swift */ = {isa = PBXFileReference; lastKnownFileType = sourcecode.swift; path = RadioSegmentSelector.swift; sourceTree = "<group>"; };
		B0413BD22522EEB500140A70 /* RadioButton.swift */ = {isa = PBXFileReference; lastKnownFileType = sourcecode.swift; path = RadioButton.swift; sourceTree = "<group>"; };
		B044F9C2254593D1003BF413 /* ChangeFilesTask.swift */ = {isa = PBXFileReference; lastKnownFileType = sourcecode.swift; path = ChangeFilesTask.swift; sourceTree = "<group>"; };
		B044F9C725459E70003BF413 /* HolderCredentialLine.swift */ = {isa = PBXFileReference; lastKnownFileType = sourcecode.swift; path = HolderCredentialLine.swift; sourceTree = "<group>"; };
		B044F9D32545D13A003BF413 /* CodeScanner.swift */ = {isa = PBXFileReference; fileEncoding = 4; lastKnownFileType = sourcecode.swift; path = CodeScanner.swift; sourceTree = "<group>"; };
		B04962722541A99C004FBEDE /* HolderAssembly.swift */ = {isa = PBXFileReference; lastKnownFileType = sourcecode.swift; path = HolderAssembly.swift; sourceTree = "<group>"; };
		B04E79AF2520C479007FAB1E /* RoleSelectorViewModel.swift */ = {isa = PBXFileReference; lastKnownFileType = sourcecode.swift; path = RoleSelectorViewModel.swift; sourceTree = "<group>"; };
		B05CCAE92520F59F0033093C /* ApplicationAssembly.swift */ = {isa = PBXFileReference; lastKnownFileType = sourcecode.swift; path = ApplicationAssembly.swift; sourceTree = "<group>"; };
		B05CCAEE2520F6340033093C /* RoleSelectorAssembly.swift */ = {isa = PBXFileReference; lastKnownFileType = sourcecode.swift; path = RoleSelectorAssembly.swift; sourceTree = "<group>"; };
		B05FE382251E0D080002D338 /* Tangem Id.app */ = {isa = PBXFileReference; explicitFileType = wrapper.application; includeInIndex = 0; path = "Tangem Id.app"; sourceTree = BUILT_PRODUCTS_DIR; };
		B05FE385251E0D080002D338 /* AppDelegate.swift */ = {isa = PBXFileReference; lastKnownFileType = sourcecode.swift; path = AppDelegate.swift; sourceTree = "<group>"; };
		B05FE387251E0D080002D338 /* SceneDelegate.swift */ = {isa = PBXFileReference; lastKnownFileType = sourcecode.swift; path = SceneDelegate.swift; sourceTree = "<group>"; };
		B05FE389251E0D080002D338 /* RoleSelectorView.swift */ = {isa = PBXFileReference; lastKnownFileType = sourcecode.swift; path = RoleSelectorView.swift; sourceTree = "<group>"; };
		B05FE38B251E0D090002D338 /* Assets.xcassets */ = {isa = PBXFileReference; lastKnownFileType = folder.assetcatalog; path = Assets.xcassets; sourceTree = "<group>"; };
		B05FE38E251E0D090002D338 /* Preview Assets.xcassets */ = {isa = PBXFileReference; lastKnownFileType = folder.assetcatalog; path = "Preview Assets.xcassets"; sourceTree = "<group>"; };
		B05FE391251E0D090002D338 /* Base */ = {isa = PBXFileReference; lastKnownFileType = file.storyboard; name = Base; path = Base.lproj/LaunchScreen.storyboard; sourceTree = "<group>"; };
		B05FE393251E0D090002D338 /* Info.plist */ = {isa = PBXFileReference; lastKnownFileType = text.plist.xml; path = Info.plist; sourceTree = "<group>"; };
		B05FE398251E0D090002D338 /* Tangem IdTests.xctest */ = {isa = PBXFileReference; explicitFileType = wrapper.cfbundle; includeInIndex = 0; path = "Tangem IdTests.xctest"; sourceTree = BUILT_PRODUCTS_DIR; };
		B05FE39C251E0D090002D338 /* Tangem_IdTests.swift */ = {isa = PBXFileReference; lastKnownFileType = sourcecode.swift; path = Tangem_IdTests.swift; sourceTree = "<group>"; };
		B05FE39E251E0D090002D338 /* Info.plist */ = {isa = PBXFileReference; lastKnownFileType = text.plist.xml; path = Info.plist; sourceTree = "<group>"; };
		B05FE3A3251E0D090002D338 /* Tangem IdUITests.xctest */ = {isa = PBXFileReference; explicitFileType = wrapper.cfbundle; includeInIndex = 0; path = "Tangem IdUITests.xctest"; sourceTree = BUILT_PRODUCTS_DIR; };
		B05FE3A7251E0D090002D338 /* Tangem_IdUITests.swift */ = {isa = PBXFileReference; lastKnownFileType = sourcecode.swift; path = Tangem_IdUITests.swift; sourceTree = "<group>"; };
		B05FE3A9251E0D090002D338 /* Info.plist */ = {isa = PBXFileReference; lastKnownFileType = text.plist.xml; path = Info.plist; sourceTree = "<group>"; };
		B068AB0225246351006559F9 /* HiddenSystemNavigation.swift */ = {isa = PBXFileReference; lastKnownFileType = sourcecode.swift; path = HiddenSystemNavigation.swift; sourceTree = "<group>"; };
		B068AB042524678F006559F9 /* ImagePicker.swift */ = {isa = PBXFileReference; lastKnownFileType = sourcecode.swift; path = ImagePicker.swift; sourceTree = "<group>"; };
		B07524212529A2C200DFE1B0 /* SnackMessageDisplayable.swift */ = {isa = PBXFileReference; lastKnownFileType = sourcecode.swift; path = SnackMessageDisplayable.swift; sourceTree = "<group>"; };
		B075242A2529A59600DFE1B0 /* CredentialInput.swift */ = {isa = PBXFileReference; lastKnownFileType = sourcecode.swift; path = CredentialInput.swift; sourceTree = "<group>"; };
		B07524372529C37100DFE1B0 /* Secp256k1Proof.swift */ = {isa = PBXFileReference; lastKnownFileType = sourcecode.swift; path = Secp256k1Proof.swift; sourceTree = "<group>"; };
		B07DE5EC2528BD9C003F8D9D /* Snackbar.swift */ = {isa = PBXFileReference; lastKnownFileType = sourcecode.swift; path = Snackbar.swift; sourceTree = "<group>"; };
		B07DE5F42528EBB2003F8D9D /* UIImage+ScaleCrop.swift */ = {isa = PBXFileReference; lastKnownFileType = sourcecode.swift; path = "UIImage+ScaleCrop.swift"; sourceTree = "<group>"; };
		B07DE5FC2528EC1B003F8D9D /* ByteCountFormatter+.swift */ = {isa = PBXFileReference; lastKnownFileType = sourcecode.swift; path = "ByteCountFormatter+.swift"; sourceTree = "<group>"; };
		B0800F5A252C339B007E04EE /* IdConstants.swift */ = {isa = PBXFileReference; lastKnownFileType = sourcecode.swift; path = IdConstants.swift; sourceTree = "<group>"; };
		B08B37D72542B44D00FC5D59 /* HolderCredentialViewer.swift */ = {isa = PBXFileReference; lastKnownFileType = sourcecode.swift; path = HolderCredentialViewer.swift; sourceTree = "<group>"; };
		B08B37DC2542D40500FC5D59 /* DemoCredentialFactory.swift */ = {isa = PBXFileReference; lastKnownFileType = sourcecode.swift; path = DemoCredentialFactory.swift; sourceTree = "<group>"; };
		B08B37E22542FC5800FC5D59 /* ReadHolderCardTask.swift */ = {isa = PBXFileReference; lastKnownFileType = sourcecode.swift; path = ReadHolderCardTask.swift; sourceTree = "<group>"; };
		B08C33EC2527743200194BF1 /* TangemIdFactory.swift */ = {isa = PBXFileReference; lastKnownFileType = sourcecode.swift; path = TangemIdFactory.swift; sourceTree = "<group>"; };
		B08C33F125278BB900194BF1 /* TangemIdVerifier.swift */ = {isa = PBXFileReference; lastKnownFileType = sourcecode.swift; path = TangemIdVerifier.swift; sourceTree = "<group>"; };
		B08D4792252AE33700E10DAB /* CredentialsController.swift */ = {isa = PBXFileReference; lastKnownFileType = sourcecode.swift; path = CredentialsController.swift; sourceTree = "<group>"; };
		B08D47A3252B10DE00E10DAB /* ImageHasher.swift */ = {isa = PBXFileReference; lastKnownFileType = sourcecode.swift; path = ImageHasher.swift; sourceTree = "<group>"; };
		B08D47A8252B2A4300E10DAB /* Date+String+ISO8601.swift */ = {isa = PBXFileReference; lastKnownFileType = sourcecode.swift; path = "Date+String+ISO8601.swift"; sourceTree = "<group>"; };
		B08D47AE252B560800E10DAB /* Secp256k1ProofSettings.swift */ = {isa = PBXFileReference; lastKnownFileType = sourcecode.swift; path = Secp256k1ProofSettings.swift; sourceTree = "<group>"; };
		B08D47B6252B562E00E10DAB /* Secp256k1ProofCreator.swift */ = {isa = PBXFileReference; lastKnownFileType = sourcecode.swift; path = Secp256k1ProofCreator.swift; sourceTree = "<group>"; };
		B08F0842251F965A00AEA1C1 /* ScreenPaddingButtonStyle.swift */ = {isa = PBXFileReference; lastKnownFileType = sourcecode.swift; path = ScreenPaddingButtonStyle.swift; sourceTree = "<group>"; };
		B08F084C251F968B00AEA1C1 /* Color+.swift */ = {isa = PBXFileReference; lastKnownFileType = sourcecode.swift; path = "Color+.swift"; sourceTree = "<group>"; };
		B08F0854251F969D00AEA1C1 /* Colors.xcassets */ = {isa = PBXFileReference; lastKnownFileType = folder.assetcatalog; path = Colors.xcassets; sourceTree = "<group>"; };
		B08F0865251F974A00AEA1C1 /* IssuerView.swift */ = {isa = PBXFileReference; lastKnownFileType = sourcecode.swift; path = IssuerView.swift; sourceTree = "<group>"; };
		B08F086B251F97AB00AEA1C1 /* UIScreen+.swift */ = {isa = PBXFileReference; lastKnownFileType = sourcecode.swift; path = "UIScreen+.swift"; sourceTree = "<group>"; };
		B08F0874251F981E00AEA1C1 /* PreviewDevice+.swift */ = {isa = PBXFileReference; lastKnownFileType = sourcecode.swift; path = "PreviewDevice+.swift"; sourceTree = "<group>"; };
		B08F0884251F9C2B00AEA1C1 /* UIImage+Color.swift */ = {isa = PBXFileReference; lastKnownFileType = sourcecode.swift; path = "UIImage+Color.swift"; sourceTree = "<group>"; };
		B08F0890251FA36300AEA1C1 /* NavigationController.swift */ = {isa = PBXFileReference; lastKnownFileType = sourcecode.swift; path = NavigationController.swift; sourceTree = "<group>"; };
		B08F0898251FB21700AEA1C1 /* View+PreviewGroup.swift */ = {isa = PBXFileReference; lastKnownFileType = sourcecode.swift; path = "View+PreviewGroup.swift"; sourceTree = "<group>"; };
		B0993F242521AF72003BEB85 /* Module.swift */ = {isa = PBXFileReference; lastKnownFileType = sourcecode.swift; path = Module.swift; sourceTree = "<group>"; };
		B0993F2C2521AF89003BEB85 /* ModuleAssembly.swift */ = {isa = PBXFileReference; lastKnownFileType = sourcecode.swift; path = ModuleAssembly.swift; sourceTree = "<group>"; };
		B0993F312521B1C2003BEB85 /* ModuleAssemblyError.swift */ = {isa = PBXFileReference; lastKnownFileType = sourcecode.swift; path = ModuleAssemblyError.swift; sourceTree = "<group>"; };
		B0993F422521B362003BEB85 /* Assembly+Module.swift */ = {isa = PBXFileReference; lastKnownFileType = sourcecode.swift; path = "Assembly+Module.swift"; sourceTree = "<group>"; };
		B0993F4C2521B3B3003BEB85 /* ServiceAssembly.swift */ = {isa = PBXFileReference; lastKnownFileType = sourcecode.swift; path = ServiceAssembly.swift; sourceTree = "<group>"; };
		B0993F512521B66A003BEB85 /* IssuerAssembly.swift */ = {isa = PBXFileReference; lastKnownFileType = sourcecode.swift; path = IssuerAssembly.swift; sourceTree = "<group>"; };
		B0993F562521BF45003BEB85 /* Constants.swift */ = {isa = PBXFileReference; lastKnownFileType = sourcecode.swift; path = Constants.swift; sourceTree = "<group>"; };
		B0993F5C2521C5E1003BEB85 /* IssuerCreateCredentialsView.swift */ = {isa = PBXFileReference; lastKnownFileType = sourcecode.swift; path = IssuerCreateCredentialsView.swift; sourceTree = "<group>"; };
		B0993F642521C5F4003BEB85 /* IssuerCreateCredentialsViewModel.swift */ = {isa = PBXFileReference; lastKnownFileType = sourcecode.swift; path = IssuerCreateCredentialsViewModel.swift; sourceTree = "<group>"; };
		B0993F692521C74D003BEB85 /* IssuerViewModel.swift */ = {isa = PBXFileReference; lastKnownFileType = sourcecode.swift; path = IssuerViewModel.swift; sourceTree = "<group>"; };
		B0993F712521F0F4003BEB85 /* UIFont+.swift */ = {isa = PBXFileReference; lastKnownFileType = sourcecode.swift; path = "UIFont+.swift"; sourceTree = "<group>"; };
		B0993F762521F355003BEB85 /* CredentialCard.swift */ = {isa = PBXFileReference; lastKnownFileType = sourcecode.swift; path = CredentialCard.swift; sourceTree = "<group>"; };
		B0993F7C2521F5FB003BEB85 /* CredentialPhotoContent.swift */ = {isa = PBXFileReference; lastKnownFileType = sourcecode.swift; path = CredentialPhotoContent.swift; sourceTree = "<group>"; };
		B0A99DDD2526EF7A006F4A5D /* Role.swift */ = {isa = PBXFileReference; lastKnownFileType = sourcecode.swift; path = Role.swift; sourceTree = "<group>"; };
		B0B82C2025270A34002D71FF /* RoleInfo.swift */ = {isa = PBXFileReference; lastKnownFileType = sourcecode.swift; path = RoleInfo.swift; sourceTree = "<group>"; };
		B0B82C2C252752D7002D71FF /* VerifiableCredential.swift */ = {isa = PBXFileReference; lastKnownFileType = sourcecode.swift; path = VerifiableCredential.swift; sourceTree = "<group>"; };
		B0B82C322527532E002D71FF /* JsonLdConvertor.swift */ = {isa = PBXFileReference; lastKnownFileType = sourcecode.swift; path = JsonLdConvertor.swift; sourceTree = "<group>"; };
		B0B82C3D25275BA1002D71FF /* CredentialCreator.swift */ = {isa = PBXFileReference; lastKnownFileType = sourcecode.swift; path = CredentialCreator.swift; sourceTree = "<group>"; };
		B0C529582524AF1100BBCD27 /* KeyboardFollower.swift */ = {isa = PBXFileReference; lastKnownFileType = sourcecode.swift; path = KeyboardFollower.swift; sourceTree = "<group>"; };
		B0C5295A2524B0CE00BBCD27 /* DateTextField.swift */ = {isa = PBXFileReference; lastKnownFileType = sourcecode.swift; path = DateTextField.swift; sourceTree = "<group>"; };
		B0C5295E2524B17100BBCD27 /* DateFormatter+.swift */ = {isa = PBXFileReference; lastKnownFileType = sourcecode.swift; path = "DateFormatter+.swift"; sourceTree = "<group>"; };
		B0C529612524B42900BBCD27 /* DateField.swift */ = {isa = PBXFileReference; lastKnownFileType = sourcecode.swift; path = DateField.swift; sourceTree = "<group>"; };
		B0C529632524B49F00BBCD27 /* UITextField+Done.swift */ = {isa = PBXFileReference; lastKnownFileType = sourcecode.swift; path = "UITextField+Done.swift"; sourceTree = "<group>"; };
		B0C529652524B54400BBCD27 /* DatePicker.swift */ = {isa = PBXFileReference; lastKnownFileType = sourcecode.swift; path = DatePicker.swift; sourceTree = "<group>"; };
		B0C529682524D03900BBCD27 /* Localizable.strings */ = {isa = PBXFileReference; lastKnownFileType = text.plist.strings; path = Localizable.strings; sourceTree = "<group>"; };
		B0C5296A2524D31F00BBCD27 /* LocalizationKeys.swift */ = {isa = PBXFileReference; lastKnownFileType = sourcecode.swift; path = LocalizationKeys.swift; sourceTree = "<group>"; };
		B0C5296F2524EFE400BBCD27 /* TangemIdSdk.swift */ = {isa = PBXFileReference; lastKnownFileType = sourcecode.swift; path = TangemIdSdk.swift; sourceTree = "<group>"; };
		B0C529712524EFF300BBCD27 /* TangemIdIssuer.swift */ = {isa = PBXFileReference; lastKnownFileType = sourcecode.swift; path = TangemIdIssuer.swift; sourceTree = "<group>"; };
		B0C529742525B16F00BBCD27 /* Assembly+TangemId.swift */ = {isa = PBXFileReference; lastKnownFileType = sourcecode.swift; path = "Assembly+TangemId.swift"; sourceTree = "<group>"; };
		B0C529762525B26600BBCD27 /* IssuerInfo.swift */ = {isa = PBXFileReference; lastKnownFileType = sourcecode.swift; path = IssuerInfo.swift; sourceTree = "<group>"; };
		B0C529792525B3A700BBCD27 /* IdLocalization.swift */ = {isa = PBXFileReference; lastKnownFileType = sourcecode.swift; path = IdLocalization.swift; sourceTree = "<group>"; };
		B0C5297B2525B9E600BBCD27 /* TangemIdError.swift */ = {isa = PBXFileReference; lastKnownFileType = sourcecode.swift; path = TangemIdError.swift; sourceTree = "<group>"; };
		B0C5297D2525C2DF00BBCD27 /* TangemIdAppError.swift */ = {isa = PBXFileReference; lastKnownFileType = sourcecode.swift; path = TangemIdAppError.swift; sourceTree = "<group>"; };
		B0D4AC682526F59F006F3FA4 /* RoleAction.swift */ = {isa = PBXFileReference; lastKnownFileType = sourcecode.swift; path = RoleAction.swift; sourceTree = "<group>"; };
		B0DF08FC2520D9940077479E /* NavigationButton.swift */ = {isa = PBXFileReference; lastKnownFileType = sourcecode.swift; path = NavigationButton.swift; sourceTree = "<group>"; };
		B0DF09042520DAC10077479E /* ModalLink.swift */ = {isa = PBXFileReference; lastKnownFileType = sourcecode.swift; path = ModalLink.swift; sourceTree = "<group>"; };
		B0E6A28B2540471B0023681A /* DemoCredentials.swift */ = {isa = PBXFileReference; lastKnownFileType = sourcecode.swift; path = DemoCredentials.swift; sourceTree = "<group>"; };
		B0E6A291254048BF0023681A /* VerifierView.swift */ = {isa = PBXFileReference; lastKnownFileType = sourcecode.swift; path = VerifierView.swift; sourceTree = "<group>"; };
		B0E6A299254048C90023681A /* VerifierViewModel.swift */ = {isa = PBXFileReference; lastKnownFileType = sourcecode.swift; path = VerifierViewModel.swift; sourceTree = "<group>"; };
		B0E6A29E254048D40023681A /* VerifierAssembly.swift */ = {isa = PBXFileReference; lastKnownFileType = sourcecode.swift; path = VerifierAssembly.swift; sourceTree = "<group>"; };
		B0FD187C2541676500C4FDB5 /* HolderView.swift */ = {isa = PBXFileReference; lastKnownFileType = sourcecode.swift; path = HolderView.swift; sourceTree = "<group>"; };
		B0FD18842541676F00C4FDB5 /* HolderViewModel.swift */ = {isa = PBXFileReference; lastKnownFileType = sourcecode.swift; path = HolderViewModel.swift; sourceTree = "<group>"; };
		B0FD18892541683A00C4FDB5 /* TangemIdHolder.swift */ = {isa = PBXFileReference; lastKnownFileType = sourcecode.swift; path = TangemIdHolder.swift; sourceTree = "<group>"; };
		B0FD189125416EA600C4FDB5 /* VerifierViewCredentials.swift */ = {isa = PBXFileReference; lastKnownFileType = sourcecode.swift; path = VerifierViewCredentials.swift; sourceTree = "<group>"; };
		B0FFE3962541A79B00DE1C7E /* HolderViewCredentials.swift */ = {isa = PBXFileReference; lastKnownFileType = sourcecode.swift; path = HolderViewCredentials.swift; sourceTree = "<group>"; };
		E12E3A31B51D1C48EC335D73 /* Pods_Tangem_Id.framework */ = {isa = PBXFileReference; explicitFileType = wrapper.framework; includeInIndex = 0; path = Pods_Tangem_Id.framework; sourceTree = BUILT_PRODUCTS_DIR; };
		F65F0F669173C1ECAE064488 /* Pods-Tangem Id.release.xcconfig */ = {isa = PBXFileReference; includeInIndex = 1; lastKnownFileType = text.xcconfig; name = "Pods-Tangem Id.release.xcconfig"; path = "Target Support Files/Pods-Tangem Id/Pods-Tangem Id.release.xcconfig"; sourceTree = "<group>"; };
/* End PBXFileReference section */

/* Begin PBXFrameworksBuildPhase section */
		B05FE37F251E0D080002D338 /* Frameworks */ = {
			isa = PBXFrameworksBuildPhase;
			buildActionMask = 2147483647;
			files = (
				D739EAD27536E56B2A5880F2 /* Pods_Tangem_Id.framework in Frameworks */,
			);
			runOnlyForDeploymentPostprocessing = 0;
		};
		B05FE395251E0D090002D338 /* Frameworks */ = {
			isa = PBXFrameworksBuildPhase;
			buildActionMask = 2147483647;
			files = (
				113E01595C413ACF3067056F /* Pods_Tangem_IdTests.framework in Frameworks */,
			);
			runOnlyForDeploymentPostprocessing = 0;
		};
		B05FE3A0251E0D090002D338 /* Frameworks */ = {
			isa = PBXFrameworksBuildPhase;
			buildActionMask = 2147483647;
			files = (
			);
			runOnlyForDeploymentPostprocessing = 0;
		};
/* End PBXFrameworksBuildPhase section */

/* Begin PBXGroup section */
		4A507D4C88CF0AEE0AE5DB41 /* Pods */ = {
			isa = PBXGroup;
			children = (
				312D85F254D0BBFF26747555 /* Pods-Tangem Id.debug.xcconfig */,
				F65F0F669173C1ECAE064488 /* Pods-Tangem Id.release.xcconfig */,
				5FDE8B3725CF46D1E1FB58F7 /* Pods-Tangem IdTests.debug.xcconfig */,
				528375D1826D7575429E5B5C /* Pods-Tangem IdTests.release.xcconfig */,
			);
			path = Pods;
			sourceTree = "<group>";
		};
		6DBC31180EFC53FBE4BE32D6 /* Frameworks */ = {
			isa = PBXGroup;
			children = (
				E12E3A31B51D1C48EC335D73 /* Pods_Tangem_Id.framework */,
				8B71B2D8FC0E5FAB4AFD80AA /* Pods_Tangem_IdTests.framework */,
			);
			name = Frameworks;
			sourceTree = "<group>";
		};
		B00578232520F09200D767D5 /* DI */ = {
			isa = PBXGroup;
			children = (
				B0993F232521AF64003BEB85 /* Module */,
				B0993F4B2521B38B003BEB85 /* Services */,
				B05CCAE92520F59F0033093C /* ApplicationAssembly.swift */,
			);
			path = DI;
			sourceTree = "<group>";
		};
		B00A67A7253D7114002D7D53 /* Alert */ = {
			isa = PBXGroup;
			children = (
				B00A67A8253D7122002D7D53 /* AlertBinder.swift */,
			);
			path = Alert;
			sourceTree = "<group>";
		};
		B0298AB425230B74004A2985 /* Model */ = {
			isa = PBXGroup;
			children = (
				B0298AB525230B7D004A2985 /* Gender.swift */,
				B0C529762525B26600BBCD27 /* IssuerInfo.swift */,
				B0C5297D2525C2DF00BBCD27 /* TangemIdAppError.swift */,
				B03B52102540787200424CFE /* IssuerVerification.swift */,
			);
			path = Model;
			sourceTree = "<group>";
		};
		B03844BD251E73B100437D54 /* Modules */ = {
			isa = PBXGroup;
			children = (
				B03844C1251E73BF00437D54 /* RoleSelector */,
				B08F0859251F972C00AEA1C1 /* Issuer */,
				B0E6A290254048A50023681A /* Verifier */,
				B0FD187B254165ED00C4FDB5 /* Holder */,
			);
			path = Modules;
			sourceTree = "<group>";
		};
		B03844C1251E73BF00437D54 /* RoleSelector */ = {
			isa = PBXGroup;
			children = (
				B05FE389251E0D080002D338 /* RoleSelectorView.swift */,
				B04E79AF2520C479007FAB1E /* RoleSelectorViewModel.swift */,
				B05CCAEE2520F6340033093C /* RoleSelectorAssembly.swift */,
			);
			path = RoleSelector;
			sourceTree = "<group>";
		};
		B0413BCE2522ED8C00140A70 /* RadioSegmentSelector */ = {
			isa = PBXGroup;
			children = (
				B0413BC92522ED8900140A70 /* RadioSegmentSelector.swift */,
				B0413BD22522EEB500140A70 /* RadioButton.swift */,
			);
			path = RadioSegmentSelector;
			sourceTree = "<group>";
		};
		B044F9D22545D0C8003BF413 /* QRScanner */ = {
			isa = PBXGroup;
			children = (
				B044F9D32545D13A003BF413 /* CodeScanner.swift */,
			);
			path = QRScanner;
			sourceTree = "<group>";
		};
		B05FE379251E0D080002D338 = {
			isa = PBXGroup;
			children = (
				B05FE384251E0D080002D338 /* Tangem Id */,
				B05FE39B251E0D090002D338 /* Tangem IdTests */,
				B05FE3A6251E0D090002D338 /* Tangem IdUITests */,
				B05FE383251E0D080002D338 /* Products */,
				4A507D4C88CF0AEE0AE5DB41 /* Pods */,
				6DBC31180EFC53FBE4BE32D6 /* Frameworks */,
			);
			sourceTree = "<group>";
		};
		B05FE383251E0D080002D338 /* Products */ = {
			isa = PBXGroup;
			children = (
				B05FE382251E0D080002D338 /* Tangem Id.app */,
				B05FE398251E0D090002D338 /* Tangem IdTests.xctest */,
				B05FE3A3251E0D090002D338 /* Tangem IdUITests.xctest */,
			);
			name = Products;
			sourceTree = "<group>";
		};
		B05FE384251E0D080002D338 /* Tangem Id */ = {
			isa = PBXGroup;
			children = (
				B0C5296C2524EF9E00BBCD27 /* TangemIdCore */,
				B01A675B251E19C100D08C8D /* Tangem Id.entitlements */,
				B0819708251E162F00F41636 /* AppSettings */,
				B08196FE251E161E00F41636 /* Assets */,
				B08196F7251E161200F41636 /* AppDelegate */,
				B08F083F251F963500AEA1C1 /* Common */,
				B00578232520F09200D767D5 /* DI */,
				B03844BD251E73B100437D54 /* Modules */,
			);
			path = "Tangem Id";
			sourceTree = "<group>";
		};
		B05FE38D251E0D090002D338 /* Preview Content */ = {
			isa = PBXGroup;
			children = (
				B05FE38E251E0D090002D338 /* Preview Assets.xcassets */,
			);
			path = "Preview Content";
			sourceTree = "<group>";
		};
		B05FE39B251E0D090002D338 /* Tangem IdTests */ = {
			isa = PBXGroup;
			children = (
				B05FE39C251E0D090002D338 /* Tangem_IdTests.swift */,
				B05FE39E251E0D090002D338 /* Info.plist */,
			);
			path = "Tangem IdTests";
			sourceTree = "<group>";
		};
		B05FE3A6251E0D090002D338 /* Tangem IdUITests */ = {
			isa = PBXGroup;
			children = (
				B05FE3A7251E0D090002D338 /* Tangem_IdUITests.swift */,
				B05FE3A9251E0D090002D338 /* Info.plist */,
			);
			path = "Tangem IdUITests";
			sourceTree = "<group>";
		};
		B068AB0125246335006559F9 /* ViewModifiers */ = {
			isa = PBXGroup;
			children = (
				B068AB0225246351006559F9 /* HiddenSystemNavigation.swift */,
			);
			path = ViewModifiers;
			sourceTree = "<group>";
		};
		B07524202529A2B300DFE1B0 /* Protocols */ = {
			isa = PBXGroup;
			children = (
				B07524212529A2C200DFE1B0 /* SnackMessageDisplayable.swift */,
			);
			path = Protocols;
			sourceTree = "<group>";
		};
		B07DE5EB2528BD91003F8D9D /* Snackbar */ = {
			isa = PBXGroup;
			children = (
				B07DE5EC2528BD9C003F8D9D /* Snackbar.swift */,
			);
			path = Snackbar;
			sourceTree = "<group>";
		};
		B07DE6012528EC3A003F8D9D /* Foundation */ = {
			isa = PBXGroup;
			children = (
				B0C5295E2524B17100BBCD27 /* DateFormatter+.swift */,
				B07DE5FC2528EC1B003F8D9D /* ByteCountFormatter+.swift */,
			);
			path = Foundation;
			sourceTree = "<group>";
		};
		B08196F7251E161200F41636 /* AppDelegate */ = {
			isa = PBXGroup;
			children = (
				B05FE385251E0D080002D338 /* AppDelegate.swift */,
				B05FE387251E0D080002D338 /* SceneDelegate.swift */,
			);
			path = AppDelegate;
			sourceTree = "<group>";
		};
		B08196FE251E161E00F41636 /* Assets */ = {
			isa = PBXGroup;
			children = (
				B0C529672524D01A00BBCD27 /* Localization */,
				B08F084B251F968100AEA1C1 /* Colors */,
				B05FE38D251E0D090002D338 /* Preview Content */,
				B05FE38B251E0D090002D338 /* Assets.xcassets */,
				B05FE390251E0D090002D338 /* LaunchScreen.storyboard */,
				B0993F712521F0F4003BEB85 /* UIFont+.swift */,
			);
			path = Assets;
			sourceTree = "<group>";
		};
		B0819708251E162F00F41636 /* AppSettings */ = {
			isa = PBXGroup;
			children = (
				B05FE393251E0D090002D338 /* Info.plist */,
				B0993F562521BF45003BEB85 /* Constants.swift */,
			);
			path = AppSettings;
			sourceTree = "<group>";
		};
		B08B37E12542FC4000FC5D59 /* Tasks */ = {
			isa = PBXGroup;
			children = (
				B08B37E22542FC5800FC5D59 /* ReadHolderCardTask.swift */,
				B044F9C2254593D1003BF413 /* ChangeFilesTask.swift */,
			);
			path = Tasks;
			sourceTree = "<group>";
		};
		B08D4797252B02A700E10DAB /* Extensions */ = {
			isa = PBXGroup;
			children = (
				B08D47A8252B2A4300E10DAB /* Date+String+ISO8601.swift */,
				B00F00A9253F0AA100D16E66 /* String+CBOR.swift */,
				B00F00AE253F0ABC00D16E66 /* Array+CBOR.swift */,
				B00F00B3253F0AD300D16E66 /* Dict+CBOR.swift */,
			);
			path = Extensions;
			sourceTree = "<group>";
		};
		B08D47AD252B55F400E10DAB /* Secp256k1Proof */ = {
			isa = PBXGroup;
			children = (
				B07524372529C37100DFE1B0 /* Secp256k1Proof.swift */,
				B08D47AE252B560800E10DAB /* Secp256k1ProofSettings.swift */,
				B08D47B6252B562E00E10DAB /* Secp256k1ProofCreator.swift */,
			);
			path = Secp256k1Proof;
			sourceTree = "<group>";
		};
		B08F083F251F963500AEA1C1 /* Common */ = {
			isa = PBXGroup;
			children = (
				B07524202529A2B300DFE1B0 /* Protocols */,
				B0298AB425230B74004A2985 /* Model */,
				B08F084A251F967B00AEA1C1 /* Extensions */,
				B08F0840251F963E00AEA1C1 /* Views */,
				B068AB0125246335006559F9 /* ViewModifiers */,
			);
			path = Common;
			sourceTree = "<group>";
		};
		B08F0840251F963E00AEA1C1 /* Views */ = {
			isa = PBXGroup;
			children = (
				B0DF08FB2520D9820077479E /* SwiftUI */,
				B08F088F251FA35800AEA1C1 /* UIKit */,
				B08F0841251F964500AEA1C1 /* ScreenPaddingButtonStyle */,
			);
			path = Views;
			sourceTree = "<group>";
		};
		B08F0841251F964500AEA1C1 /* ScreenPaddingButtonStyle */ = {
			isa = PBXGroup;
			children = (
				B08F0842251F965A00AEA1C1 /* ScreenPaddingButtonStyle.swift */,
			);
			path = ScreenPaddingButtonStyle;
			sourceTree = "<group>";
		};
		B08F084A251F967B00AEA1C1 /* Extensions */ = {
			isa = PBXGroup;
			children = (
				B07DE6012528EC3A003F8D9D /* Foundation */,
				B0993F472521B365003BEB85 /* Swinject */,
				B08F0873251F980300AEA1C1 /* SwiftUI */,
				B08F086A251F979E00AEA1C1 /* UIKit */,
			);
			path = Extensions;
			sourceTree = "<group>";
		};
		B08F084B251F968100AEA1C1 /* Colors */ = {
			isa = PBXGroup;
			children = (
				B08F084C251F968B00AEA1C1 /* Color+.swift */,
				B08F0854251F969D00AEA1C1 /* Colors.xcassets */,
			);
			path = Colors;
			sourceTree = "<group>";
		};
		B08F0859251F972C00AEA1C1 /* Issuer */ = {
			isa = PBXGroup;
			children = (
				B0993F5B2521C5C9003BEB85 /* CreateCredentials */,
				B08F0865251F974A00AEA1C1 /* IssuerView.swift */,
				B0993F692521C74D003BEB85 /* IssuerViewModel.swift */,
				B0993F512521B66A003BEB85 /* IssuerAssembly.swift */,
			);
			path = Issuer;
			sourceTree = "<group>";
		};
		B08F086A251F979E00AEA1C1 /* UIKit */ = {
			isa = PBXGroup;
			children = (
				B08F086B251F97AB00AEA1C1 /* UIScreen+.swift */,
				B08F0884251F9C2B00AEA1C1 /* UIImage+Color.swift */,
				B0C529632524B49F00BBCD27 /* UITextField+Done.swift */,
				B07DE5F42528EBB2003F8D9D /* UIImage+ScaleCrop.swift */,
				B00A67B9253DD6EE002D7D53 /* UIApplication+.swift */,
			);
			path = UIKit;
			sourceTree = "<group>";
		};
		B08F0873251F980300AEA1C1 /* SwiftUI */ = {
			isa = PBXGroup;
			children = (
				B08F0874251F981E00AEA1C1 /* PreviewDevice+.swift */,
				B08F0898251FB21700AEA1C1 /* View+PreviewGroup.swift */,
			);
			path = SwiftUI;
			sourceTree = "<group>";
		};
		B08F088F251FA35800AEA1C1 /* UIKit */ = {
			isa = PBXGroup;
			children = (
				B08F0890251FA36300AEA1C1 /* NavigationController.swift */,
				B0C5295A2524B0CE00BBCD27 /* DateTextField.swift */,
			);
			path = UIKit;
			sourceTree = "<group>";
		};
		B0993F232521AF64003BEB85 /* Module */ = {
			isa = PBXGroup;
			children = (
				B0993F242521AF72003BEB85 /* Module.swift */,
				B0993F2C2521AF89003BEB85 /* ModuleAssembly.swift */,
				B0993F312521B1C2003BEB85 /* ModuleAssemblyError.swift */,
			);
			path = Module;
			sourceTree = "<group>";
		};
		B0993F472521B365003BEB85 /* Swinject */ = {
			isa = PBXGroup;
			children = (
				B0993F422521B362003BEB85 /* Assembly+Module.swift */,
				B0C529742525B16F00BBCD27 /* Assembly+TangemId.swift */,
			);
			path = Swinject;
			sourceTree = "<group>";
		};
		B0993F4B2521B38B003BEB85 /* Services */ = {
			isa = PBXGroup;
			children = (
				B0993F4C2521B3B3003BEB85 /* ServiceAssembly.swift */,
			);
			path = Services;
			sourceTree = "<group>";
		};
		B0993F5B2521C5C9003BEB85 /* CreateCredentials */ = {
			isa = PBXGroup;
			children = (
				B0993F5C2521C5E1003BEB85 /* IssuerCreateCredentialsView.swift */,
				B0993F642521C5F4003BEB85 /* IssuerCreateCredentialsViewModel.swift */,
			);
			path = CreateCredentials;
			sourceTree = "<group>";
		};
		B0993F7B2521F5E2003BEB85 /* CredentialCards */ = {
			isa = PBXGroup;
			children = (
				B0993F762521F355003BEB85 /* CredentialCard.swift */,
				B0993F7C2521F5FB003BEB85 /* CredentialPhotoContent.swift */,
				B03B52062540738F00424CFE /* CredentialValidityFooter.swift */,
			);
			path = CredentialCards;
			sourceTree = "<group>";
		};
		B0A99DE52526F0C7006F4A5D /* Commands */ = {
			isa = PBXGroup;
			children = (
				B007E1A12525F9F600B16E93 /* Command.swift */,
				B00F0085253EFC6200D16E66 /* WriteIssuerFilesTask.swift */,
			);
			path = Commands;
			sourceTree = "<group>";
		};
		B0B82C2B252752BB002D71FF /* Credential */ = {
			isa = PBXGroup;
			children = (
				B08D47AD252B55F400E10DAB /* Secp256k1Proof */,
				B0B82C2C252752D7002D71FF /* VerifiableCredential.swift */,
				B075242A2529A59600DFE1B0 /* CredentialInput.swift */,
				B08D4792252AE33700E10DAB /* CredentialsController.swift */,
				B03295A92540030800FACC8B /* CredentialJsonPrinter.swift */,
				B0E6A28B2540471B0023681A /* DemoCredentials.swift */,
				B03B520B2540744F00424CFE /* VerificationStatus.swift */,
				B0FD189125416EA600C4FDB5 /* VerifierViewCredentials.swift */,
				B0FFE3962541A79B00DE1C7E /* HolderViewCredentials.swift */,
				B08B37DC2542D40500FC5D59 /* DemoCredentialFactory.swift */,
			);
			path = Credential;
			sourceTree = "<group>";
		};
		B0B82C312527530E002D71FF /* Utils */ = {
			isa = PBXGroup;
			children = (
				B08D4797252B02A700E10DAB /* Extensions */,
				B0B82C322527532E002D71FF /* JsonLdConvertor.swift */,
				B0B82C3D25275BA1002D71FF /* CredentialCreator.swift */,
				B08D47A3252B10DE00E10DAB /* ImageHasher.swift */,
			);
			path = Utils;
			sourceTree = "<group>";
		};
		B0C529602524B41C00BBCD27 /* DatePicker */ = {
			isa = PBXGroup;
			children = (
				B0C529612524B42900BBCD27 /* DateField.swift */,
				B0C529652524B54400BBCD27 /* DatePicker.swift */,
			);
			path = DatePicker;
			sourceTree = "<group>";
		};
		B0C529672524D01A00BBCD27 /* Localization */ = {
			isa = PBXGroup;
			children = (
				B0C529682524D03900BBCD27 /* Localizable.strings */,
				B0C5296A2524D31F00BBCD27 /* LocalizationKeys.swift */,
			);
			path = Localization;
			sourceTree = "<group>";
		};
		B0C5296C2524EF9E00BBCD27 /* TangemIdCore */ = {
			isa = PBXGroup;
			children = (
				B0C529782525B37700BBCD27 /* Assets */,
				B0C5296D2524EFB300BBCD27 /* Core */,
				B0A99DE52526F0C7006F4A5D /* Commands */,
				B0B82C2B252752BB002D71FF /* Credential */,
				B0C5296E2524EFBC00BBCD27 /* Roles */,
				B0B82C312527530E002D71FF /* Utils */,
			);
			path = TangemIdCore;
			sourceTree = "<group>";
		};
		B0C5296D2524EFB300BBCD27 /* Core */ = {
			isa = PBXGroup;
			children = (
				B08B37E12542FC4000FC5D59 /* Tasks */,
				B0C5296F2524EFE400BBCD27 /* TangemIdSdk.swift */,
				B0C5297B2525B9E600BBCD27 /* TangemIdError.swift */,
				B08C33EC2527743200194BF1 /* TangemIdFactory.swift */,
				B0800F5A252C339B007E04EE /* IdConstants.swift */,
				B00D7A8F2546B41E00D0B460 /* TangemIdUtils.swift */,
			);
			path = Core;
			sourceTree = "<group>";
		};
		B0C5296E2524EFBC00BBCD27 /* Roles */ = {
			isa = PBXGroup;
			children = (
				B0A99DDD2526EF7A006F4A5D /* Role.swift */,
				B0C529712524EFF300BBCD27 /* TangemIdIssuer.swift */,
				B0D4AC682526F59F006F3FA4 /* RoleAction.swift */,
				B0B82C2025270A34002D71FF /* RoleInfo.swift */,
				B08C33F125278BB900194BF1 /* TangemIdVerifier.swift */,
				B0FD18892541683A00C4FDB5 /* TangemIdHolder.swift */,
			);
			path = Roles;
			sourceTree = "<group>";
		};
		B0C529782525B37700BBCD27 /* Assets */ = {
			isa = PBXGroup;
			children = (
				B0C529792525B3A700BBCD27 /* IdLocalization.swift */,
			);
			path = Assets;
			sourceTree = "<group>";
		};
		B0DF08FB2520D9820077479E /* SwiftUI */ = {
			isa = PBXGroup;
			children = (
				B044F9D22545D0C8003BF413 /* QRScanner */,
				B00A67A7253D7114002D7D53 /* Alert */,
				B07DE5EB2528BD91003F8D9D /* Snackbar */,
				B0C529602524B41C00BBCD27 /* DatePicker */,
				B0413BCE2522ED8C00140A70 /* RadioSegmentSelector */,
				B0993F7B2521F5E2003BEB85 /* CredentialCards */,
				B0DF08FC2520D9940077479E /* NavigationButton.swift */,
				B0DF09042520DAC10077479E /* ModalLink.swift */,
				B03A3BED252200F800937676 /* ButtonWithImage.swift */,
				B03A3C1025220C0300937676 /* Checkbox.swift */,
				B0413BC42522EBF600140A70 /* TextFieldWithClearButton.swift */,
				B0298AFA25232638004A2985 /* MaskedTextField.swift */,
				B0298AFF25232F5E004A2985 /* NavigationBar.swift */,
				B0298B042523426A004A2985 /* ClickableRowWithCheckbox.swift */,
				B068AB042524678F006559F9 /* ImagePicker.swift */,
				B0C529582524AF1100BBCD27 /* KeyboardFollower.swift */,
				B00A67BE253DDE95002D7D53 /* RootPresentationModeKey.swift */,
				B00F00B8253F221300D16E66 /* JsonViewer.swift */,
				B00F00BD253F241500D16E66 /* ShareView.swift */,
			);
			path = SwiftUI;
			sourceTree = "<group>";
		};
		B0E6A290254048A50023681A /* Verifier */ = {
			isa = PBXGroup;
			children = (
				B0E6A291254048BF0023681A /* VerifierView.swift */,
				B0E6A299254048C90023681A /* VerifierViewModel.swift */,
				B0E6A29E254048D40023681A /* VerifierAssembly.swift */,
			);
			path = Verifier;
			sourceTree = "<group>";
		};
		B0FD187B254165ED00C4FDB5 /* Holder */ = {
			isa = PBXGroup;
			children = (
				B0FD187C2541676500C4FDB5 /* HolderView.swift */,
				B0FD18842541676F00C4FDB5 /* HolderViewModel.swift */,
				B04962722541A99C004FBEDE /* HolderAssembly.swift */,
				B08B37D72542B44D00FC5D59 /* HolderCredentialViewer.swift */,
				B044F9C725459E70003BF413 /* HolderCredentialLine.swift */,
			);
			path = Holder;
			sourceTree = "<group>";
		};
/* End PBXGroup section */

/* Begin PBXNativeTarget section */
		B05FE381251E0D080002D338 /* Tangem Id */ = {
			isa = PBXNativeTarget;
			buildConfigurationList = B05FE3AC251E0D090002D338 /* Build configuration list for PBXNativeTarget "Tangem Id" */;
			buildPhases = (
				FF8D3AE8314E9E365CFC91ED /* [CP] Check Pods Manifest.lock */,
				B05FE37E251E0D080002D338 /* Sources */,
				B05FE37F251E0D080002D338 /* Frameworks */,
				B05FE380251E0D080002D338 /* Resources */,
				CD42FC2041156138C4F7F4F3 /* [CP] Embed Pods Frameworks */,
			);
			buildRules = (
			);
			dependencies = (
			);
			name = "Tangem Id";
			packageProductDependencies = (
			);
			productName = "Tangem Id";
			productReference = B05FE382251E0D080002D338 /* Tangem Id.app */;
			productType = "com.apple.product-type.application";
		};
		B05FE397251E0D090002D338 /* Tangem IdTests */ = {
			isa = PBXNativeTarget;
			buildConfigurationList = B05FE3AF251E0D090002D338 /* Build configuration list for PBXNativeTarget "Tangem IdTests" */;
			buildPhases = (
				97853220DC7B919E45A93F21 /* [CP] Check Pods Manifest.lock */,
				B05FE394251E0D090002D338 /* Sources */,
				B05FE395251E0D090002D338 /* Frameworks */,
				B05FE396251E0D090002D338 /* Resources */,
				A59496CC6B6DEA6A752BE252 /* [CP] Embed Pods Frameworks */,
			);
			buildRules = (
			);
			dependencies = (
				B05FE39A251E0D090002D338 /* PBXTargetDependency */,
			);
			name = "Tangem IdTests";
			productName = "Tangem IdTests";
			productReference = B05FE398251E0D090002D338 /* Tangem IdTests.xctest */;
			productType = "com.apple.product-type.bundle.unit-test";
		};
		B05FE3A2251E0D090002D338 /* Tangem IdUITests */ = {
			isa = PBXNativeTarget;
			buildConfigurationList = B05FE3B2251E0D090002D338 /* Build configuration list for PBXNativeTarget "Tangem IdUITests" */;
			buildPhases = (
				B05FE39F251E0D090002D338 /* Sources */,
				B05FE3A0251E0D090002D338 /* Frameworks */,
				B05FE3A1251E0D090002D338 /* Resources */,
			);
			buildRules = (
			);
			dependencies = (
				B05FE3A5251E0D090002D338 /* PBXTargetDependency */,
			);
			name = "Tangem IdUITests";
			productName = "Tangem IdUITests";
			productReference = B05FE3A3251E0D090002D338 /* Tangem IdUITests.xctest */;
			productType = "com.apple.product-type.bundle.ui-testing";
		};
/* End PBXNativeTarget section */

/* Begin PBXProject section */
		B05FE37A251E0D080002D338 /* Project object */ = {
			isa = PBXProject;
			attributes = {
				LastSwiftUpdateCheck = 1200;
				LastUpgradeCheck = 1200;
				ORGANIZATIONNAME = "Tangem AG";
				TargetAttributes = {
					B05FE381251E0D080002D338 = {
						CreatedOnToolsVersion = 12.0.1;
					};
					B05FE397251E0D090002D338 = {
						CreatedOnToolsVersion = 12.0.1;
						TestTargetID = B05FE381251E0D080002D338;
					};
					B05FE3A2251E0D090002D338 = {
						CreatedOnToolsVersion = 12.0.1;
						TestTargetID = B05FE381251E0D080002D338;
					};
				};
			};
			buildConfigurationList = B05FE37D251E0D080002D338 /* Build configuration list for PBXProject "Tangem Id" */;
			compatibilityVersion = "Xcode 9.3";
			developmentRegion = en;
			hasScannedForEncodings = 0;
			knownRegions = (
				en,
				Base,
			);
			mainGroup = B05FE379251E0D080002D338;
			packageReferences = (
			);
			productRefGroup = B05FE383251E0D080002D338 /* Products */;
			projectDirPath = "";
			projectRoot = "";
			targets = (
				B05FE381251E0D080002D338 /* Tangem Id */,
				B05FE397251E0D090002D338 /* Tangem IdTests */,
				B05FE3A2251E0D090002D338 /* Tangem IdUITests */,
			);
		};
/* End PBXProject section */

/* Begin PBXResourcesBuildPhase section */
		B05FE380251E0D080002D338 /* Resources */ = {
			isa = PBXResourcesBuildPhase;
			buildActionMask = 2147483647;
			files = (
				B0C529692524D03900BBCD27 /* Localizable.strings in Resources */,
				B05FE392251E0D090002D338 /* LaunchScreen.storyboard in Resources */,
				B08F0855251F969D00AEA1C1 /* Colors.xcassets in Resources */,
				B05FE38F251E0D090002D338 /* Preview Assets.xcassets in Resources */,
				B05FE38C251E0D090002D338 /* Assets.xcassets in Resources */,
			);
			runOnlyForDeploymentPostprocessing = 0;
		};
		B05FE396251E0D090002D338 /* Resources */ = {
			isa = PBXResourcesBuildPhase;
			buildActionMask = 2147483647;
			files = (
			);
			runOnlyForDeploymentPostprocessing = 0;
		};
		B05FE3A1251E0D090002D338 /* Resources */ = {
			isa = PBXResourcesBuildPhase;
			buildActionMask = 2147483647;
			files = (
			);
			runOnlyForDeploymentPostprocessing = 0;
		};
/* End PBXResourcesBuildPhase section */

/* Begin PBXShellScriptBuildPhase section */
		97853220DC7B919E45A93F21 /* [CP] Check Pods Manifest.lock */ = {
			isa = PBXShellScriptBuildPhase;
			buildActionMask = 2147483647;
			files = (
			);
			inputFileListPaths = (
			);
			inputPaths = (
				"${PODS_PODFILE_DIR_PATH}/Podfile.lock",
				"${PODS_ROOT}/Manifest.lock",
			);
			name = "[CP] Check Pods Manifest.lock";
			outputFileListPaths = (
			);
			outputPaths = (
				"$(DERIVED_FILE_DIR)/Pods-Tangem IdTests-checkManifestLockResult.txt",
			);
			runOnlyForDeploymentPostprocessing = 0;
			shellPath = /bin/sh;
			shellScript = "diff \"${PODS_PODFILE_DIR_PATH}/Podfile.lock\" \"${PODS_ROOT}/Manifest.lock\" > /dev/null\nif [ $? != 0 ] ; then\n    # print error to STDERR\n    echo \"error: The sandbox is not in sync with the Podfile.lock. Run 'pod install' or update your CocoaPods installation.\" >&2\n    exit 1\nfi\n# This output is used by Xcode 'outputs' to avoid re-running this script phase.\necho \"SUCCESS\" > \"${SCRIPT_OUTPUT_FILE_0}\"\n";
			showEnvVarsInLog = 0;
		};
		A59496CC6B6DEA6A752BE252 /* [CP] Embed Pods Frameworks */ = {
			isa = PBXShellScriptBuildPhase;
			buildActionMask = 2147483647;
			files = (
			);
			inputFileListPaths = (
				"${PODS_ROOT}/Target Support Files/Pods-Tangem IdTests/Pods-Tangem IdTests-frameworks-${CONFIGURATION}-input-files.xcfilelist",
			);
			name = "[CP] Embed Pods Frameworks";
			outputFileListPaths = (
				"${PODS_ROOT}/Target Support Files/Pods-Tangem IdTests/Pods-Tangem IdTests-frameworks-${CONFIGURATION}-output-files.xcfilelist",
			);
			runOnlyForDeploymentPostprocessing = 0;
			shellPath = /bin/sh;
			shellScript = "\"${PODS_ROOT}/Target Support Files/Pods-Tangem IdTests/Pods-Tangem IdTests-frameworks.sh\"\n";
			showEnvVarsInLog = 0;
		};
		CD42FC2041156138C4F7F4F3 /* [CP] Embed Pods Frameworks */ = {
			isa = PBXShellScriptBuildPhase;
			buildActionMask = 2147483647;
			files = (
			);
			inputFileListPaths = (
				"${PODS_ROOT}/Target Support Files/Pods-Tangem Id/Pods-Tangem Id-frameworks-${CONFIGURATION}-input-files.xcfilelist",
			);
			name = "[CP] Embed Pods Frameworks";
			outputFileListPaths = (
				"${PODS_ROOT}/Target Support Files/Pods-Tangem Id/Pods-Tangem Id-frameworks-${CONFIGURATION}-output-files.xcfilelist",
			);
			runOnlyForDeploymentPostprocessing = 0;
			shellPath = /bin/sh;
			shellScript = "\"${PODS_ROOT}/Target Support Files/Pods-Tangem Id/Pods-Tangem Id-frameworks.sh\"\n";
			showEnvVarsInLog = 0;
		};
		FF8D3AE8314E9E365CFC91ED /* [CP] Check Pods Manifest.lock */ = {
			isa = PBXShellScriptBuildPhase;
			buildActionMask = 2147483647;
			files = (
			);
			inputFileListPaths = (
			);
			inputPaths = (
				"${PODS_PODFILE_DIR_PATH}/Podfile.lock",
				"${PODS_ROOT}/Manifest.lock",
			);
			name = "[CP] Check Pods Manifest.lock";
			outputFileListPaths = (
			);
			outputPaths = (
				"$(DERIVED_FILE_DIR)/Pods-Tangem Id-checkManifestLockResult.txt",
			);
			runOnlyForDeploymentPostprocessing = 0;
			shellPath = /bin/sh;
			shellScript = "diff \"${PODS_PODFILE_DIR_PATH}/Podfile.lock\" \"${PODS_ROOT}/Manifest.lock\" > /dev/null\nif [ $? != 0 ] ; then\n    # print error to STDERR\n    echo \"error: The sandbox is not in sync with the Podfile.lock. Run 'pod install' or update your CocoaPods installation.\" >&2\n    exit 1\nfi\n# This output is used by Xcode 'outputs' to avoid re-running this script phase.\necho \"SUCCESS\" > \"${SCRIPT_OUTPUT_FILE_0}\"\n";
			showEnvVarsInLog = 0;
		};
/* End PBXShellScriptBuildPhase section */

/* Begin PBXSourcesBuildPhase section */
		B05FE37E251E0D080002D338 /* Sources */ = {
			isa = PBXSourcesBuildPhase;
			buildActionMask = 2147483647;
			files = (
				B00A67BF253DDE96002D7D53 /* RootPresentationModeKey.swift in Sources */,
				B0C529752525B16F00BBCD27 /* Assembly+TangemId.swift in Sources */,
				B0C5295F2524B17100BBCD27 /* DateFormatter+.swift in Sources */,
				B0C529592524AF1100BBCD27 /* KeyboardFollower.swift in Sources */,
				B075242B2529A59600DFE1B0 /* CredentialInput.swift in Sources */,
				B0B82C2125270A34002D71FF /* RoleInfo.swift in Sources */,
				B08B37E32542FC5800FC5D59 /* ReadHolderCardTask.swift in Sources */,
				B0FD187D2541676500C4FDB5 /* HolderView.swift in Sources */,
				B0B82C332527532E002D71FF /* JsonLdConvertor.swift in Sources */,
				B08D47AF252B560800E10DAB /* Secp256k1ProofSettings.swift in Sources */,
				B0993F522521B66A003BEB85 /* IssuerAssembly.swift in Sources */,
				B0413BC52522EBF600140A70 /* TextFieldWithClearButton.swift in Sources */,
				B0E6A29A254048C90023681A /* VerifierViewModel.swift in Sources */,
				B0FD18852541676F00C4FDB5 /* HolderViewModel.swift in Sources */,
				B0993F7D2521F5FB003BEB85 /* CredentialPhotoContent.swift in Sources */,
				B0993F722521F0F4003BEB85 /* UIFont+.swift in Sources */,
				B08F0875251F981E00AEA1C1 /* PreviewDevice+.swift in Sources */,
				B00A67A9253D7122002D7D53 /* AlertBinder.swift in Sources */,
				B04962732541A99C004FBEDE /* HolderAssembly.swift in Sources */,
				B07DE5FD2528EC1B003F8D9D /* ByteCountFormatter+.swift in Sources */,
				B0C529702524EFE400BBCD27 /* TangemIdSdk.swift in Sources */,
				B08C33F225278BB900194BF1 /* TangemIdVerifier.swift in Sources */,
				B0993F432521B362003BEB85 /* Assembly+Module.swift in Sources */,
				B0D4AC692526F59F006F3FA4 /* RoleAction.swift in Sources */,
				B00F0086253EFC6200D16E66 /* WriteIssuerFilesTask.swift in Sources */,
				B044F9D42545D13A003BF413 /* CodeScanner.swift in Sources */,
				B07DE5ED2528BD9C003F8D9D /* Snackbar.swift in Sources */,
				B068AB0325246351006559F9 /* HiddenSystemNavigation.swift in Sources */,
				B08D47A4252B10DE00E10DAB /* ImageHasher.swift in Sources */,
				B0E6A28C2540471B0023681A /* DemoCredentials.swift in Sources */,
				B0FFE3972541A79B00DE1C7E /* HolderViewCredentials.swift in Sources */,
				B0298AB625230B7D004A2985 /* Gender.swift in Sources */,
				B00F00BE253F241500D16E66 /* ShareView.swift in Sources */,
				B08B37D82542B44D00FC5D59 /* HolderCredentialViewer.swift in Sources */,
				B08F0899251FB21700AEA1C1 /* View+PreviewGroup.swift in Sources */,
				B0993F5D2521C5E1003BEB85 /* IssuerCreateCredentialsView.swift in Sources */,
				B0B82C3E25275BA1002D71FF /* CredentialCreator.swift in Sources */,
				B00F00B4253F0AD300D16E66 /* Dict+CBOR.swift in Sources */,
				B0993F4D2521B3B3003BEB85 /* ServiceAssembly.swift in Sources */,
				B0C5297C2525B9E600BBCD27 /* TangemIdError.swift in Sources */,
				B00D7A902546B41E00D0B460 /* TangemIdUtils.swift in Sources */,
				B07DE5F52528EBB2003F8D9D /* UIImage+ScaleCrop.swift in Sources */,
				B0298AFB25232638004A2985 /* MaskedTextField.swift in Sources */,
				B03A3C1125220C0300937676 /* Checkbox.swift in Sources */,
				B0FD188A2541683A00C4FDB5 /* TangemIdHolder.swift in Sources */,
				B00A67BA253DD6EE002D7D53 /* UIApplication+.swift in Sources */,
				B07524382529C37100DFE1B0 /* Secp256k1Proof.swift in Sources */,
				B0C5297A2525B3A700BBCD27 /* IdLocalization.swift in Sources */,
				B0993F652521C5F4003BEB85 /* IssuerCreateCredentialsViewModel.swift in Sources */,
				B0993F772521F355003BEB85 /* CredentialCard.swift in Sources */,
				B0993F252521AF72003BEB85 /* Module.swift in Sources */,
				B0993F572521BF45003BEB85 /* Constants.swift in Sources */,
				B05FE386251E0D080002D338 /* AppDelegate.swift in Sources */,
				B03A3BEE252200F800937676 /* ButtonWithImage.swift in Sources */,
				B0DF09052520DAC10077479E /* ModalLink.swift in Sources */,
				B0993F2D2521AF89003BEB85 /* ModuleAssembly.swift in Sources */,
				B0B82C2D252752D7002D71FF /* VerifiableCredential.swift in Sources */,
				B08F084D251F968B00AEA1C1 /* Color+.swift in Sources */,
				B08F086C251F97AB00AEA1C1 /* UIScreen+.swift in Sources */,
				B05CCAEF2520F6340033093C /* RoleSelectorAssembly.swift in Sources */,
				B0413BCA2522ED8900140A70 /* RadioSegmentSelector.swift in Sources */,
				B0C5297E2525C2DF00BBCD27 /* TangemIdAppError.swift in Sources */,
				B03B52112540787200424CFE /* IssuerVerification.swift in Sources */,
				B08F0843251F965A00AEA1C1 /* ScreenPaddingButtonStyle.swift in Sources */,
				B05CCAEA2520F59F0033093C /* ApplicationAssembly.swift in Sources */,
				B08D47B7252B562E00E10DAB /* Secp256k1ProofCreator.swift in Sources */,
				B0E6A292254048BF0023681A /* VerifierView.swift in Sources */,
				B08C33ED2527743200194BF1 /* TangemIdFactory.swift in Sources */,
				B0993F6A2521C74D003BEB85 /* IssuerViewModel.swift in Sources */,
				B08F0866251F974A00AEA1C1 /* IssuerView.swift in Sources */,
				B0DF08FD2520D9940077479E /* NavigationButton.swift in Sources */,
				B0C529622524B42900BBCD27 /* DateField.swift in Sources */,
				B0C5295B2524B0CE00BBCD27 /* DateTextField.swift in Sources */,
				B0413BD32522EEB500140A70 /* RadioButton.swift in Sources */,
				B0C5296B2524D31F00BBCD27 /* LocalizationKeys.swift in Sources */,
				B04E79B02520C479007FAB1E /* RoleSelectorViewModel.swift in Sources */,
				B08F0885251F9C2B00AEA1C1 /* UIImage+Color.swift in Sources */,
				B03B520C2540744F00424CFE /* VerificationStatus.swift in Sources */,
				B08F0891251FA36300AEA1C1 /* NavigationController.swift in Sources */,
				B00F00B9253F221300D16E66 /* JsonViewer.swift in Sources */,
				B00F00AF253F0ABC00D16E66 /* Array+CBOR.swift in Sources */,
				B0C529642524B49F00BBCD27 /* UITextField+Done.swift in Sources */,
				B05FE388251E0D080002D338 /* SceneDelegate.swift in Sources */,
				B0993F322521B1C2003BEB85 /* ModuleAssemblyError.swift in Sources */,
				B03295AA2540030800FACC8B /* CredentialJsonPrinter.swift in Sources */,
				B0C529662524B54400BBCD27 /* DatePicker.swift in Sources */,
				B0C529722524EFF300BBCD27 /* TangemIdIssuer.swift in Sources */,
				B00F00AA253F0AA100D16E66 /* String+CBOR.swift in Sources */,
				B08D47A9252B2A4300E10DAB /* Date+String+ISO8601.swift in Sources */,
				B0800F5B252C339B007E04EE /* IdConstants.swift in Sources */,
				B0298B0025232F5E004A2985 /* NavigationBar.swift in Sources */,
				B068AB052524678F006559F9 /* ImagePicker.swift in Sources */,
				B007E1A22525F9F600B16E93 /* Command.swift in Sources */,
				B08B37DD2542D40500FC5D59 /* DemoCredentialFactory.swift in Sources */,
				B044F9C3254593D1003BF413 /* ChangeFilesTask.swift in Sources */,
				B05FE38A251E0D080002D338 /* RoleSelectorView.swift in Sources */,
				B0A99DDE2526EF7A006F4A5D /* Role.swift in Sources */,
				B08D4793252AE33700E10DAB /* CredentialsController.swift in Sources */,
				B07524222529A2C200DFE1B0 /* SnackMessageDisplayable.swift in Sources */,
				B0298B052523426A004A2985 /* ClickableRowWithCheckbox.swift in Sources */,
				B03B52072540738F00424CFE /* CredentialValidityFooter.swift in Sources */,
				B044F9C825459E70003BF413 /* HolderCredentialLine.swift in Sources */,
				B0E6A29F254048D40023681A /* VerifierAssembly.swift in Sources */,
				B0C529772525B26600BBCD27 /* IssuerInfo.swift in Sources */,
				B0FD189225416EA600C4FDB5 /* VerifierViewCredentials.swift in Sources */,
			);
			runOnlyForDeploymentPostprocessing = 0;
		};
		B05FE394251E0D090002D338 /* Sources */ = {
			isa = PBXSourcesBuildPhase;
			buildActionMask = 2147483647;
			files = (
				B05FE39D251E0D090002D338 /* Tangem_IdTests.swift in Sources */,
			);
			runOnlyForDeploymentPostprocessing = 0;
		};
		B05FE39F251E0D090002D338 /* Sources */ = {
			isa = PBXSourcesBuildPhase;
			buildActionMask = 2147483647;
			files = (
				B05FE3A8251E0D090002D338 /* Tangem_IdUITests.swift in Sources */,
			);
			runOnlyForDeploymentPostprocessing = 0;
		};
/* End PBXSourcesBuildPhase section */

/* Begin PBXTargetDependency section */
		B05FE39A251E0D090002D338 /* PBXTargetDependency */ = {
			isa = PBXTargetDependency;
			target = B05FE381251E0D080002D338 /* Tangem Id */;
			targetProxy = B05FE399251E0D090002D338 /* PBXContainerItemProxy */;
		};
		B05FE3A5251E0D090002D338 /* PBXTargetDependency */ = {
			isa = PBXTargetDependency;
			target = B05FE381251E0D080002D338 /* Tangem Id */;
			targetProxy = B05FE3A4251E0D090002D338 /* PBXContainerItemProxy */;
		};
/* End PBXTargetDependency section */

/* Begin PBXVariantGroup section */
		B05FE390251E0D090002D338 /* LaunchScreen.storyboard */ = {
			isa = PBXVariantGroup;
			children = (
				B05FE391251E0D090002D338 /* Base */,
			);
			name = LaunchScreen.storyboard;
			sourceTree = "<group>";
		};
/* End PBXVariantGroup section */

/* Begin XCBuildConfiguration section */
		B05FE3AA251E0D090002D338 /* Debug */ = {
			isa = XCBuildConfiguration;
			buildSettings = {
				ALWAYS_SEARCH_USER_PATHS = NO;
				CLANG_ANALYZER_NONNULL = YES;
				CLANG_ANALYZER_NUMBER_OBJECT_CONVERSION = YES_AGGRESSIVE;
				CLANG_CXX_LANGUAGE_STANDARD = "gnu++14";
				CLANG_CXX_LIBRARY = "libc++";
				CLANG_ENABLE_MODULES = YES;
				CLANG_ENABLE_OBJC_ARC = YES;
				CLANG_ENABLE_OBJC_WEAK = YES;
				CLANG_WARN_BLOCK_CAPTURE_AUTORELEASING = YES;
				CLANG_WARN_BOOL_CONVERSION = YES;
				CLANG_WARN_COMMA = YES;
				CLANG_WARN_CONSTANT_CONVERSION = YES;
				CLANG_WARN_DEPRECATED_OBJC_IMPLEMENTATIONS = YES;
				CLANG_WARN_DIRECT_OBJC_ISA_USAGE = YES_ERROR;
				CLANG_WARN_DOCUMENTATION_COMMENTS = YES;
				CLANG_WARN_EMPTY_BODY = YES;
				CLANG_WARN_ENUM_CONVERSION = YES;
				CLANG_WARN_INFINITE_RECURSION = YES;
				CLANG_WARN_INT_CONVERSION = YES;
				CLANG_WARN_NON_LITERAL_NULL_CONVERSION = YES;
				CLANG_WARN_OBJC_IMPLICIT_RETAIN_SELF = YES;
				CLANG_WARN_OBJC_LITERAL_CONVERSION = YES;
				CLANG_WARN_OBJC_ROOT_CLASS = YES_ERROR;
				CLANG_WARN_QUOTED_INCLUDE_IN_FRAMEWORK_HEADER = YES;
				CLANG_WARN_RANGE_LOOP_ANALYSIS = YES;
				CLANG_WARN_STRICT_PROTOTYPES = YES;
				CLANG_WARN_SUSPICIOUS_MOVE = YES;
				CLANG_WARN_UNGUARDED_AVAILABILITY = YES_AGGRESSIVE;
				CLANG_WARN_UNREACHABLE_CODE = YES;
				CLANG_WARN__DUPLICATE_METHOD_MATCH = YES;
				COPY_PHASE_STRIP = NO;
				DEBUG_INFORMATION_FORMAT = dwarf;
				ENABLE_STRICT_OBJC_MSGSEND = YES;
				ENABLE_TESTABILITY = YES;
				GCC_C_LANGUAGE_STANDARD = gnu11;
				GCC_DYNAMIC_NO_PIC = NO;
				GCC_NO_COMMON_BLOCKS = YES;
				GCC_OPTIMIZATION_LEVEL = 0;
				GCC_PREPROCESSOR_DEFINITIONS = (
					"DEBUG=1",
					"$(inherited)",
				);
				GCC_WARN_64_TO_32_BIT_CONVERSION = YES;
				GCC_WARN_ABOUT_RETURN_TYPE = YES_ERROR;
				GCC_WARN_UNDECLARED_SELECTOR = YES;
				GCC_WARN_UNINITIALIZED_AUTOS = YES_AGGRESSIVE;
				GCC_WARN_UNUSED_FUNCTION = YES;
				GCC_WARN_UNUSED_VARIABLE = YES;
				IPHONEOS_DEPLOYMENT_TARGET = 13.0;
				MTL_ENABLE_DEBUG_INFO = INCLUDE_SOURCE;
				MTL_FAST_MATH = YES;
				ONLY_ACTIVE_ARCH = YES;
				SDKROOT = iphoneos;
				SWIFT_ACTIVE_COMPILATION_CONDITIONS = DEBUG;
				SWIFT_OPTIMIZATION_LEVEL = "-Onone";
			};
			name = Debug;
		};
		B05FE3AB251E0D090002D338 /* Release */ = {
			isa = XCBuildConfiguration;
			buildSettings = {
				ALWAYS_SEARCH_USER_PATHS = NO;
				CLANG_ANALYZER_NONNULL = YES;
				CLANG_ANALYZER_NUMBER_OBJECT_CONVERSION = YES_AGGRESSIVE;
				CLANG_CXX_LANGUAGE_STANDARD = "gnu++14";
				CLANG_CXX_LIBRARY = "libc++";
				CLANG_ENABLE_MODULES = YES;
				CLANG_ENABLE_OBJC_ARC = YES;
				CLANG_ENABLE_OBJC_WEAK = YES;
				CLANG_WARN_BLOCK_CAPTURE_AUTORELEASING = YES;
				CLANG_WARN_BOOL_CONVERSION = YES;
				CLANG_WARN_COMMA = YES;
				CLANG_WARN_CONSTANT_CONVERSION = YES;
				CLANG_WARN_DEPRECATED_OBJC_IMPLEMENTATIONS = YES;
				CLANG_WARN_DIRECT_OBJC_ISA_USAGE = YES_ERROR;
				CLANG_WARN_DOCUMENTATION_COMMENTS = YES;
				CLANG_WARN_EMPTY_BODY = YES;
				CLANG_WARN_ENUM_CONVERSION = YES;
				CLANG_WARN_INFINITE_RECURSION = YES;
				CLANG_WARN_INT_CONVERSION = YES;
				CLANG_WARN_NON_LITERAL_NULL_CONVERSION = YES;
				CLANG_WARN_OBJC_IMPLICIT_RETAIN_SELF = YES;
				CLANG_WARN_OBJC_LITERAL_CONVERSION = YES;
				CLANG_WARN_OBJC_ROOT_CLASS = YES_ERROR;
				CLANG_WARN_QUOTED_INCLUDE_IN_FRAMEWORK_HEADER = YES;
				CLANG_WARN_RANGE_LOOP_ANALYSIS = YES;
				CLANG_WARN_STRICT_PROTOTYPES = YES;
				CLANG_WARN_SUSPICIOUS_MOVE = YES;
				CLANG_WARN_UNGUARDED_AVAILABILITY = YES_AGGRESSIVE;
				CLANG_WARN_UNREACHABLE_CODE = YES;
				CLANG_WARN__DUPLICATE_METHOD_MATCH = YES;
				COPY_PHASE_STRIP = NO;
				DEBUG_INFORMATION_FORMAT = "dwarf-with-dsym";
				ENABLE_NS_ASSERTIONS = NO;
				ENABLE_STRICT_OBJC_MSGSEND = YES;
				GCC_C_LANGUAGE_STANDARD = gnu11;
				GCC_NO_COMMON_BLOCKS = YES;
				GCC_WARN_64_TO_32_BIT_CONVERSION = YES;
				GCC_WARN_ABOUT_RETURN_TYPE = YES_ERROR;
				GCC_WARN_UNDECLARED_SELECTOR = YES;
				GCC_WARN_UNINITIALIZED_AUTOS = YES_AGGRESSIVE;
				GCC_WARN_UNUSED_FUNCTION = YES;
				GCC_WARN_UNUSED_VARIABLE = YES;
				IPHONEOS_DEPLOYMENT_TARGET = 13.0;
				MTL_ENABLE_DEBUG_INFO = NO;
				MTL_FAST_MATH = YES;
				SDKROOT = iphoneos;
				SWIFT_COMPILATION_MODE = wholemodule;
				SWIFT_OPTIMIZATION_LEVEL = "-O";
				VALIDATE_PRODUCT = YES;
			};
			name = Release;
		};
		B05FE3AD251E0D090002D338 /* Debug */ = {
			isa = XCBuildConfiguration;
			baseConfigurationReference = 312D85F254D0BBFF26747555 /* Pods-Tangem Id.debug.xcconfig */;
			buildSettings = {
				ASSETCATALOG_COMPILER_APPICON_NAME = AppIcon;
				ASSETCATALOG_COMPILER_GLOBAL_ACCENT_COLOR_NAME = AccentColor;
				CODE_SIGN_ENTITLEMENTS = "Tangem Id/Tangem Id.entitlements";
				CODE_SIGN_STYLE = Automatic;
				DEVELOPMENT_ASSET_PATHS = "\"Tangem Id/Assets/Preview Content\"";
				DEVELOPMENT_TEAM = 4897UJ6D8C;
				ENABLE_PREVIEWS = YES;
				INFOPLIST_FILE = "Tangem Id/AppSettings/Info.plist";
				IPHONEOS_DEPLOYMENT_TARGET = 13.0;
				LD_RUNPATH_SEARCH_PATHS = (
					"$(inherited)",
					"@executable_path/Frameworks",
				);
				PRODUCT_BUNDLE_IDENTIFIER = "com.tangem.Tangem-Id";
				PRODUCT_NAME = "$(TARGET_NAME)";
				SWIFT_VERSION = 5.0;
				TARGETED_DEVICE_FAMILY = "1,2";
			};
			name = Debug;
		};
		B05FE3AE251E0D090002D338 /* Release */ = {
			isa = XCBuildConfiguration;
			baseConfigurationReference = F65F0F669173C1ECAE064488 /* Pods-Tangem Id.release.xcconfig */;
			buildSettings = {
				ASSETCATALOG_COMPILER_APPICON_NAME = AppIcon;
				ASSETCATALOG_COMPILER_GLOBAL_ACCENT_COLOR_NAME = AccentColor;
				CODE_SIGN_ENTITLEMENTS = "Tangem Id/Tangem Id.entitlements";
				CODE_SIGN_STYLE = Automatic;
				DEVELOPMENT_ASSET_PATHS = "\"Tangem Id/Assets/Preview Content\"";
				DEVELOPMENT_TEAM = 4897UJ6D8C;
				ENABLE_PREVIEWS = YES;
				INFOPLIST_FILE = "Tangem Id/AppSettings/Info.plist";
				IPHONEOS_DEPLOYMENT_TARGET = 13.0;
				LD_RUNPATH_SEARCH_PATHS = (
					"$(inherited)",
					"@executable_path/Frameworks",
				);
				PRODUCT_BUNDLE_IDENTIFIER = "com.tangem.Tangem-Id";
				PRODUCT_NAME = "$(TARGET_NAME)";
				SWIFT_VERSION = 5.0;
				TARGETED_DEVICE_FAMILY = "1,2";
			};
			name = Release;
		};
		B05FE3B0251E0D090002D338 /* Debug */ = {
			isa = XCBuildConfiguration;
			baseConfigurationReference = 5FDE8B3725CF46D1E1FB58F7 /* Pods-Tangem IdTests.debug.xcconfig */;
			buildSettings = {
				ALWAYS_EMBED_SWIFT_STANDARD_LIBRARIES = YES;
				BUNDLE_LOADER = "$(TEST_HOST)";
				CODE_SIGN_STYLE = Automatic;
				DEVELOPMENT_TEAM = 4897UJ6D8C;
				INFOPLIST_FILE = "Tangem IdTests/Info.plist";
				IPHONEOS_DEPLOYMENT_TARGET = 14.0;
				LD_RUNPATH_SEARCH_PATHS = (
					"$(inherited)",
					"@executable_path/Frameworks",
					"@loader_path/Frameworks",
				);
				PRODUCT_BUNDLE_IDENTIFIER = "com.tangem.Tangem-IdTests";
				PRODUCT_NAME = "$(TARGET_NAME)";
				SWIFT_VERSION = 5.0;
				TARGETED_DEVICE_FAMILY = "1,2";
				TEST_HOST = "$(BUILT_PRODUCTS_DIR)/Tangem Id.app/Tangem Id";
			};
			name = Debug;
		};
		B05FE3B1251E0D090002D338 /* Release */ = {
			isa = XCBuildConfiguration;
			baseConfigurationReference = 528375D1826D7575429E5B5C /* Pods-Tangem IdTests.release.xcconfig */;
			buildSettings = {
				ALWAYS_EMBED_SWIFT_STANDARD_LIBRARIES = YES;
				BUNDLE_LOADER = "$(TEST_HOST)";
				CODE_SIGN_STYLE = Automatic;
				DEVELOPMENT_TEAM = 4897UJ6D8C;
				INFOPLIST_FILE = "Tangem IdTests/Info.plist";
				IPHONEOS_DEPLOYMENT_TARGET = 14.0;
				LD_RUNPATH_SEARCH_PATHS = (
					"$(inherited)",
					"@executable_path/Frameworks",
					"@loader_path/Frameworks",
				);
				PRODUCT_BUNDLE_IDENTIFIER = "com.tangem.Tangem-IdTests";
				PRODUCT_NAME = "$(TARGET_NAME)";
				SWIFT_VERSION = 5.0;
				TARGETED_DEVICE_FAMILY = "1,2";
				TEST_HOST = "$(BUILT_PRODUCTS_DIR)/Tangem Id.app/Tangem Id";
			};
			name = Release;
		};
		B05FE3B3251E0D090002D338 /* Debug */ = {
			isa = XCBuildConfiguration;
			buildSettings = {
				ALWAYS_EMBED_SWIFT_STANDARD_LIBRARIES = YES;
				CODE_SIGN_STYLE = Automatic;
				DEVELOPMENT_TEAM = 4897UJ6D8C;
				INFOPLIST_FILE = "Tangem IdUITests/Info.plist";
				LD_RUNPATH_SEARCH_PATHS = (
					"$(inherited)",
					"@executable_path/Frameworks",
					"@loader_path/Frameworks",
				);
				PRODUCT_BUNDLE_IDENTIFIER = "com.tangem.Tangem-IdUITests";
				PRODUCT_NAME = "$(TARGET_NAME)";
				SWIFT_VERSION = 5.0;
				TARGETED_DEVICE_FAMILY = "1,2";
				TEST_TARGET_NAME = "Tangem Id";
			};
			name = Debug;
		};
		B05FE3B4251E0D090002D338 /* Release */ = {
			isa = XCBuildConfiguration;
			buildSettings = {
				ALWAYS_EMBED_SWIFT_STANDARD_LIBRARIES = YES;
				CODE_SIGN_STYLE = Automatic;
				DEVELOPMENT_TEAM = 4897UJ6D8C;
				INFOPLIST_FILE = "Tangem IdUITests/Info.plist";
				LD_RUNPATH_SEARCH_PATHS = (
					"$(inherited)",
					"@executable_path/Frameworks",
					"@loader_path/Frameworks",
				);
				PRODUCT_BUNDLE_IDENTIFIER = "com.tangem.Tangem-IdUITests";
				PRODUCT_NAME = "$(TARGET_NAME)";
				SWIFT_VERSION = 5.0;
				TARGETED_DEVICE_FAMILY = "1,2";
				TEST_TARGET_NAME = "Tangem Id";
			};
			name = Release;
		};
/* End XCBuildConfiguration section */

/* Begin XCConfigurationList section */
		B05FE37D251E0D080002D338 /* Build configuration list for PBXProject "Tangem Id" */ = {
			isa = XCConfigurationList;
			buildConfigurations = (
				B05FE3AA251E0D090002D338 /* Debug */,
				B05FE3AB251E0D090002D338 /* Release */,
			);
			defaultConfigurationIsVisible = 0;
			defaultConfigurationName = Release;
		};
		B05FE3AC251E0D090002D338 /* Build configuration list for PBXNativeTarget "Tangem Id" */ = {
			isa = XCConfigurationList;
			buildConfigurations = (
				B05FE3AD251E0D090002D338 /* Debug */,
				B05FE3AE251E0D090002D338 /* Release */,
			);
			defaultConfigurationIsVisible = 0;
			defaultConfigurationName = Release;
		};
		B05FE3AF251E0D090002D338 /* Build configuration list for PBXNativeTarget "Tangem IdTests" */ = {
			isa = XCConfigurationList;
			buildConfigurations = (
				B05FE3B0251E0D090002D338 /* Debug */,
				B05FE3B1251E0D090002D338 /* Release */,
			);
			defaultConfigurationIsVisible = 0;
			defaultConfigurationName = Release;
		};
		B05FE3B2251E0D090002D338 /* Build configuration list for PBXNativeTarget "Tangem IdUITests" */ = {
			isa = XCConfigurationList;
			buildConfigurations = (
				B05FE3B3251E0D090002D338 /* Debug */,
				B05FE3B4251E0D090002D338 /* Release */,
			);
			defaultConfigurationIsVisible = 0;
			defaultConfigurationName = Release;
		};
/* End XCConfigurationList section */
	};
	rootObject = B05FE37A251E0D080002D338 /* Project object */;
}
